// !$*UTF8*$!
{
	archiveVersion = 1;
	classes = {
	};
	objectVersion = 52;
	objects = {

/* Begin PBXBuildFile section */
		3422BAAB25DEBA7900ACC7F9 /* RequestFactoryTests.swift in Sources */ = {isa = PBXBuildFile; fileRef = 3422BAAA25DEBA7900ACC7F9 /* RequestFactoryTests.swift */; };
		3422BAAD25DEBEA100ACC7F9 /* AuthTests.swift in Sources */ = {isa = PBXBuildFile; fileRef = 3422BAAC25DEBEA100ACC7F9 /* AuthTests.swift */; };
		3422BAB025E2921300ACC7F9 /* SignUpTests.swift in Sources */ = {isa = PBXBuildFile; fileRef = 3422BAAF25E2921300ACC7F9 /* SignUpTests.swift */; };
		3422BAB225E3A0A900ACC7F9 /* LogOutTests.swift in Sources */ = {isa = PBXBuildFile; fileRef = 3422BAB125E3A0A900ACC7F9 /* LogOutTests.swift */; };
		3422BAB425E3A43600ACC7F9 /* ChangeUserDataTests.swift in Sources */ = {isa = PBXBuildFile; fileRef = 3422BAB325E3A43600ACC7F9 /* ChangeUserDataTests.swift */; };
		3422BAB725E3C3AF00ACC7F9 /* GetGoodById.swift in Sources */ = {isa = PBXBuildFile; fileRef = 3422BAB625E3C3AF00ACC7F9 /* GetGoodById.swift */; };
		3422BABA25E3C3E500ACC7F9 /* GetGoodByIdRequestFactory.swift in Sources */ = {isa = PBXBuildFile; fileRef = 3422BAB925E3C3E500ACC7F9 /* GetGoodByIdRequestFactory.swift */; };
		3422BABC25E3C5FE00ACC7F9 /* ProductById.swift in Sources */ = {isa = PBXBuildFile; fileRef = 3422BABB25E3C5FE00ACC7F9 /* ProductById.swift */; };
		3422BABE25E3C7BD00ACC7F9 /* GetGoodByIdTests.swift in Sources */ = {isa = PBXBuildFile; fileRef = 3422BABD25E3C7BD00ACC7F9 /* GetGoodByIdTests.swift */; };
		3422BAC125E3CC5F00ACC7F9 /* CatalogData.swift in Sources */ = {isa = PBXBuildFile; fileRef = 3422BAC025E3CC5F00ACC7F9 /* CatalogData.swift */; };
		3422BAC325E3CC8300ACC7F9 /* CatalogDataRequestFactory.swift in Sources */ = {isa = PBXBuildFile; fileRef = 3422BAC225E3CC8300ACC7F9 /* CatalogDataRequestFactory.swift */; };
		3422BAC525E3CDC500ACC7F9 /* Product.swift in Sources */ = {isa = PBXBuildFile; fileRef = 3422BAC425E3CDC500ACC7F9 /* Product.swift */; };
		3422BAC925E3D5B200ACC7F9 /* CatalogDataTests.swift in Sources */ = {isa = PBXBuildFile; fileRef = 3422BAC825E3D5B200ACC7F9 /* CatalogDataTests.swift */; };
		343181BD25FA2CAA003A9922 /* SignUpPresenter.swift in Sources */ = {isa = PBXBuildFile; fileRef = 343181B725FA2CAA003A9922 /* SignUpPresenter.swift */; };
		343181BF25FA2CAA003A9922 /* SignUpRouter.swift in Sources */ = {isa = PBXBuildFile; fileRef = 343181B925FA2CAA003A9922 /* SignUpRouter.swift */; };
		343181C025FA2CAA003A9922 /* SignUpModels.swift in Sources */ = {isa = PBXBuildFile; fileRef = 343181BA25FA2CAA003A9922 /* SignUpModels.swift */; };
		343181C125FA2CAA003A9922 /* SignUpViewController.swift in Sources */ = {isa = PBXBuildFile; fileRef = 343181BB25FA2CAA003A9922 /* SignUpViewController.swift */; };
		343181C225FA2CAA003A9922 /* SignUpInteractor.swift in Sources */ = {isa = PBXBuildFile; fileRef = 343181BC25FA2CAA003A9922 /* SignUpInteractor.swift */; };
		343181CA25FA7411003A9922 /* LogInPresenter.swift in Sources */ = {isa = PBXBuildFile; fileRef = 343181C425FA7411003A9922 /* LogInPresenter.swift */; };
		343181CC25FA7411003A9922 /* LogInRouter.swift in Sources */ = {isa = PBXBuildFile; fileRef = 343181C625FA7411003A9922 /* LogInRouter.swift */; };
		343181CD25FA7411003A9922 /* LogInModels.swift in Sources */ = {isa = PBXBuildFile; fileRef = 343181C725FA7411003A9922 /* LogInModels.swift */; };
		343181CE25FA7411003A9922 /* LogInViewController.swift in Sources */ = {isa = PBXBuildFile; fileRef = 343181C825FA7411003A9922 /* LogInViewController.swift */; };
		343181CF25FA7411003A9922 /* LogInInteractor.swift in Sources */ = {isa = PBXBuildFile; fileRef = 343181C925FA7411003A9922 /* LogInInteractor.swift */; };
		343181D725FBADD5003A9922 /* UserInfoPresenter.swift in Sources */ = {isa = PBXBuildFile; fileRef = 343181D125FBADD5003A9922 /* UserInfoPresenter.swift */; };
		343181D925FBADD5003A9922 /* UserInfoRouter.swift in Sources */ = {isa = PBXBuildFile; fileRef = 343181D325FBADD5003A9922 /* UserInfoRouter.swift */; };
		343181DA25FBADD5003A9922 /* UserInfoModels.swift in Sources */ = {isa = PBXBuildFile; fileRef = 343181D425FBADD5003A9922 /* UserInfoModels.swift */; };
		343181DB25FBADD5003A9922 /* UserInfoViewController.swift in Sources */ = {isa = PBXBuildFile; fileRef = 343181D525FBADD5003A9922 /* UserInfoViewController.swift */; };
		343181DC25FBADD5003A9922 /* UserInfoInteractor.swift in Sources */ = {isa = PBXBuildFile; fileRef = 343181D625FBADD5003A9922 /* UserInfoInteractor.swift */; };
		347930DE25E6802D00625D92 /* TestConfiguration.swift in Sources */ = {isa = PBXBuildFile; fileRef = 347930DC25E67F0F00625D92 /* TestConfiguration.swift */; };
		347930E025E6B49300625D92 /* ProductsIndex.swift in Sources */ = {isa = PBXBuildFile; fileRef = 347930DF25E6B49300625D92 /* ProductsIndex.swift */; };
		348DA81125ED4FEE0083E1CB /* ReviewsTest.swift in Sources */ = {isa = PBXBuildFile; fileRef = 348DA81025ED4FEE0083E1CB /* ReviewsTest.swift */; };
		348DA81325ED51180083E1CB /* ReviewsIndexResponse.swift in Sources */ = {isa = PBXBuildFile; fileRef = 348DA81225ED51180083E1CB /* ReviewsIndexResponse.swift */; };
		348DA81525ED514D0083E1CB /* Review.swift in Sources */ = {isa = PBXBuildFile; fileRef = 348DA81425ED514D0083E1CB /* Review.swift */; };
		348DA81825ED51D10083E1CB /* ReviewsIndexRequestFactory.swift in Sources */ = {isa = PBXBuildFile; fileRef = 348DA81725ED51D10083E1CB /* ReviewsIndexRequestFactory.swift */; };
		348DA81A25ED520A0083E1CB /* ReviewsIndex.swift in Sources */ = {isa = PBXBuildFile; fileRef = 348DA81925ED520A0083E1CB /* ReviewsIndex.swift */; };
		348DA81C25EE26480083E1CB /* ReviewCreateResponse.swift in Sources */ = {isa = PBXBuildFile; fileRef = 348DA81B25EE26480083E1CB /* ReviewCreateResponse.swift */; };
		348DA81E25EE26970083E1CB /* ReviewCreateRequestFactory.swift in Sources */ = {isa = PBXBuildFile; fileRef = 348DA81D25EE26970083E1CB /* ReviewCreateRequestFactory.swift */; };
		348DA82025EE26F30083E1CB /* ReviewCreate.swift in Sources */ = {isa = PBXBuildFile; fileRef = 348DA81F25EE26F30083E1CB /* ReviewCreate.swift */; };
		348DA82525EE2A2B0083E1CB /* ReviewDeleteRequestFactory.swift in Sources */ = {isa = PBXBuildFile; fileRef = 348DA82425EE2A2B0083E1CB /* ReviewDeleteRequestFactory.swift */; };
		348DA82725EE2A8D0083E1CB /* ReviewDelete.swift in Sources */ = {isa = PBXBuildFile; fileRef = 348DA82625EE2A8D0083E1CB /* ReviewDelete.swift */; };
		3497EE7E26122651008D5FF8 /* GemFile in Resources */ = {isa = PBXBuildFile; fileRef = 3497EE7D26122651008D5FF8 /* GemFile */; };
		34A62FCB25DAD8F70080A757 /* Alamofire in Frameworks */ = {isa = PBXBuildFile; productRef = 34A62FCA25DAD8F70080A757 /* Alamofire */; };
		34A62FCE25DAD94E0080A757 /* AbstractErrorParser.swift in Sources */ = {isa = PBXBuildFile; fileRef = 34A62FCD25DAD94E0080A757 /* AbstractErrorParser.swift */; };
		34A62FD025DAD9920080A757 /* ErrorParser.swift in Sources */ = {isa = PBXBuildFile; fileRef = 34A62FCF25DAD9920080A757 /* ErrorParser.swift */; };
		34A62FD425DADAEC0080A757 /* RequestRouter.swift in Sources */ = {isa = PBXBuildFile; fileRef = 34A62FD325DADAEC0080A757 /* RequestRouter.swift */; };
		34A62FD625DADB380080A757 /* LoginResult.swift in Sources */ = {isa = PBXBuildFile; fileRef = 34A62FD525DADB380080A757 /* LoginResult.swift */; };
		34A62FD825DADB510080A757 /* User.swift in Sources */ = {isa = PBXBuildFile; fileRef = 34A62FD725DADB510080A757 /* User.swift */; };
		34A62FDB25DADB8F0080A757 /* AuthRequestFactory.swift in Sources */ = {isa = PBXBuildFile; fileRef = 34A62FDA25DADB8F0080A757 /* AuthRequestFactory.swift */; };
		34A62FDD25DADBDC0080A757 /* Auth.swift in Sources */ = {isa = PBXBuildFile; fileRef = 34A62FDC25DADBDC0080A757 /* Auth.swift */; };
		34A62FDF25DADC1F0080A757 /* RequestFactory.swift in Sources */ = {isa = PBXBuildFile; fileRef = 34A62FDE25DADC1F0080A757 /* RequestFactory.swift */; };
		34A62FE125DD0CDF0080A757 /* AbstractRequestFactory.swift in Sources */ = {isa = PBXBuildFile; fileRef = 34A62FE025DD0CDF0080A757 /* AbstractRequestFactory.swift */; };
		34A62FE325DD0D470080A757 /* ResponseCodable.swift in Sources */ = {isa = PBXBuildFile; fileRef = 34A62FE225DD0D470080A757 /* ResponseCodable.swift */; };
		34A62FE725DD35C80080A757 /* SignUp.swift in Sources */ = {isa = PBXBuildFile; fileRef = 34A62FE625DD35C80080A757 /* SignUp.swift */; };
		34A62FE925DD35EF0080A757 /* SignUpRequestFactory.swift in Sources */ = {isa = PBXBuildFile; fileRef = 34A62FE825DD35EF0080A757 /* SignUpRequestFactory.swift */; };
		34A62FEB25DD37710080A757 /* SignUpResult.swift in Sources */ = {isa = PBXBuildFile; fileRef = 34A62FEA25DD37710080A757 /* SignUpResult.swift */; };
		34A62FEE25DD3F160080A757 /* LogOut.swift in Sources */ = {isa = PBXBuildFile; fileRef = 34A62FED25DD3F160080A757 /* LogOut.swift */; };
		34A62FF125DD3F490080A757 /* LogOutRequestFactory.swift in Sources */ = {isa = PBXBuildFile; fileRef = 34A62FF025DD3F490080A757 /* LogOutRequestFactory.swift */; };
		34A62FF325DD40940080A757 /* CommonResponse.swift in Sources */ = {isa = PBXBuildFile; fileRef = 34A62FF225DD40940080A757 /* CommonResponse.swift */; };
		34A62FF625DD41BF0080A757 /* ChangeUserData.swift in Sources */ = {isa = PBXBuildFile; fileRef = 34A62FF525DD41BF0080A757 /* ChangeUserData.swift */; };
		34A62FF825DD41E20080A757 /* ChangeUSerDataRequestFactory.swift in Sources */ = {isa = PBXBuildFile; fileRef = 34A62FF725DD41E20080A757 /* ChangeUSerDataRequestFactory.swift */; };
		34A82C8325F14092009CF031 /* CartsTest.swift in Sources */ = {isa = PBXBuildFile; fileRef = 34A82C8225F14092009CF031 /* CartsTest.swift */; };
		34A82C8625F14232009CF031 /* CartCheckout.swift in Sources */ = {isa = PBXBuildFile; fileRef = 34A82C8525F14232009CF031 /* CartCheckout.swift */; };
		34A82C8825F1428E009CF031 /* CartCheckoutRequstFactory.swift in Sources */ = {isa = PBXBuildFile; fileRef = 34A82C8725F1428E009CF031 /* CartCheckoutRequstFactory.swift */; };
		34A82C8B25F3BA8A009CF031 /* CartItemsCreateRequstFactory.swift in Sources */ = {isa = PBXBuildFile; fileRef = 34A82C8A25F3BA8A009CF031 /* CartItemsCreateRequstFactory.swift */; };
		34A82C8D25F3BB04009CF031 /* CartItemsCreate.swift in Sources */ = {isa = PBXBuildFile; fileRef = 34A82C8C25F3BB04009CF031 /* CartItemsCreate.swift */; };
		34A82C8F25F3BE22009CF031 /* CartItemsDeleteRequstFactory.swift in Sources */ = {isa = PBXBuildFile; fileRef = 34A82C8E25F3BE22009CF031 /* CartItemsDeleteRequstFactory.swift */; };
		34A82C9125F3BE59009CF031 /* CartItemsDelete.swift in Sources */ = {isa = PBXBuildFile; fileRef = 34A82C9025F3BE59009CF031 /* CartItemsDelete.swift */; };
		34A82C9325F8F2DE009CF031 /* Main.storyboard in Resources */ = {isa = PBXBuildFile; fileRef = 34A82C9225F8F2DE009CF031 /* Main.storyboard */; };
		34BE0F092600B325001CCB4A /* UserInfo.swift in Sources */ = {isa = PBXBuildFile; fileRef = 34BE0F082600B325001CCB4A /* UserInfo.swift */; };
		34C38C2D26039B2C00194626 /* ProductsPresenter.swift in Sources */ = {isa = PBXBuildFile; fileRef = 34C38C2726039B2C00194626 /* ProductsPresenter.swift */; };
		34C38C2F26039B2C00194626 /* ProductsRouter.swift in Sources */ = {isa = PBXBuildFile; fileRef = 34C38C2926039B2C00194626 /* ProductsRouter.swift */; };
		34C38C3026039B2C00194626 /* ProductsModels.swift in Sources */ = {isa = PBXBuildFile; fileRef = 34C38C2A26039B2C00194626 /* ProductsModels.swift */; };
		34C38C3126039B2C00194626 /* ProductsViewController.swift in Sources */ = {isa = PBXBuildFile; fileRef = 34C38C2B26039B2C00194626 /* ProductsViewController.swift */; };
		34C38C3226039B2C00194626 /* ProductsInteractor.swift in Sources */ = {isa = PBXBuildFile; fileRef = 34C38C2C26039B2C00194626 /* ProductsInteractor.swift */; };
		34C38C362603A6B100194626 /* ProductsTableViewCell.swift in Sources */ = {isa = PBXBuildFile; fileRef = 34C38C352603A6B100194626 /* ProductsTableViewCell.swift */; };
		34C38C3E2608EAAB00194626 /* ProductPresenter.swift in Sources */ = {isa = PBXBuildFile; fileRef = 34C38C382608EAAB00194626 /* ProductPresenter.swift */; };
		34C38C402608EAAB00194626 /* ProductRouter.swift in Sources */ = {isa = PBXBuildFile; fileRef = 34C38C3A2608EAAB00194626 /* ProductRouter.swift */; };
		34C38C412608EAAB00194626 /* ProductModels.swift in Sources */ = {isa = PBXBuildFile; fileRef = 34C38C3B2608EAAB00194626 /* ProductModels.swift */; };
		34C38C422608EAAB00194626 /* ProductViewController.swift in Sources */ = {isa = PBXBuildFile; fileRef = 34C38C3C2608EAAB00194626 /* ProductViewController.swift */; };
		34C38C432608EAAB00194626 /* ProductInteractor.swift in Sources */ = {isa = PBXBuildFile; fileRef = 34C38C3D2608EAAB00194626 /* ProductInteractor.swift */; };
		34C38C462608F92C00194626 /* ProductTableViewCell.swift in Sources */ = {isa = PBXBuildFile; fileRef = 34C38C442608F92C00194626 /* ProductTableViewCell.swift */; };
		34C38C472608F92C00194626 /* ProductTableViewCell.xib in Resources */ = {isa = PBXBuildFile; fileRef = 34C38C452608F92C00194626 /* ProductTableViewCell.xib */; };
		34C38C4A2608FD1E00194626 /* ReviewTableViewCell.swift in Sources */ = {isa = PBXBuildFile; fileRef = 34C38C482608FD1E00194626 /* ReviewTableViewCell.swift */; };
		34C38C4B2608FD1E00194626 /* ReviewTableViewCell.xib in Resources */ = {isa = PBXBuildFile; fileRef = 34C38C492608FD1E00194626 /* ReviewTableViewCell.xib */; };
		34EF52E9260B97E10084CB43 /* CartPresenter.swift in Sources */ = {isa = PBXBuildFile; fileRef = 34EF52E3260B97E10084CB43 /* CartPresenter.swift */; };
		34EF52EA260B97E10084CB43 /* CartWorker.swift in Sources */ = {isa = PBXBuildFile; fileRef = 34EF52E4260B97E10084CB43 /* CartWorker.swift */; };
		34EF52EB260B97E10084CB43 /* CartRouter.swift in Sources */ = {isa = PBXBuildFile; fileRef = 34EF52E5260B97E10084CB43 /* CartRouter.swift */; };
		34EF52EC260B97E10084CB43 /* CartModels.swift in Sources */ = {isa = PBXBuildFile; fileRef = 34EF52E6260B97E10084CB43 /* CartModels.swift */; };
		34EF52ED260B97E10084CB43 /* CartViewController.swift in Sources */ = {isa = PBXBuildFile; fileRef = 34EF52E7260B97E10084CB43 /* CartViewController.swift */; };
		34EF52EE260B97E10084CB43 /* CartInteractor.swift in Sources */ = {isa = PBXBuildFile; fileRef = 34EF52E8260B97E10084CB43 /* CartInteractor.swift */; };
		34EF52F0260BA2110084CB43 /* CartItem.swift in Sources */ = {isa = PBXBuildFile; fileRef = 34EF52EF260BA2110084CB43 /* CartItem.swift */; };
		34EF52F2260BA9490084CB43 /* CartItemTableViewCell.swift in Sources */ = {isa = PBXBuildFile; fileRef = 34EF52F1260BA9490084CB43 /* CartItemTableViewCell.swift */; };
		34EF52F4260BB07D0084CB43 /* CartShowRequestFactory.swift in Sources */ = {isa = PBXBuildFile; fileRef = 34EF52F3260BB07D0084CB43 /* CartShowRequestFactory.swift */; };
		34EF52F6260BB0C20084CB43 /* Cart.swift in Sources */ = {isa = PBXBuildFile; fileRef = 34EF52F5260BB0C20084CB43 /* Cart.swift */; };
		34EF52F8260BB10D0084CB43 /* CartShow.swift in Sources */ = {isa = PBXBuildFile; fileRef = 34EF52F7260BB10D0084CB43 /* CartShow.swift */; };
		34EF52FC260F9B8B0084CB43 /* Podfile in Resources */ = {isa = PBXBuildFile; fileRef = 34EF52FB260F9B8B0084CB43 /* Podfile */; };
		34EF52FE260F9F150084CB43 /* GoogleService-Info.plist in Resources */ = {isa = PBXBuildFile; fileRef = 34EF52FD260F9F150084CB43 /* GoogleService-Info.plist */; };
		34EF5301260FA44A0084CB43 /* Analytics.swift in Sources */ = {isa = PBXBuildFile; fileRef = 34EF5300260FA44A0084CB43 /* Analytics.swift */; };
		34F3473D25D53EE9008955A9 /* AppDelegate.swift in Sources */ = {isa = PBXBuildFile; fileRef = 34F3473C25D53EE9008955A9 /* AppDelegate.swift */; };
		34F3473F25D53EE9008955A9 /* SceneDelegate.swift in Sources */ = {isa = PBXBuildFile; fileRef = 34F3473E25D53EE9008955A9 /* SceneDelegate.swift */; };
		34F3474625D53EED008955A9 /* Assets.xcassets in Resources */ = {isa = PBXBuildFile; fileRef = 34F3474525D53EED008955A9 /* Assets.xcassets */; };
		34F3474925D53EED008955A9 /* LaunchScreen.storyboard in Resources */ = {isa = PBXBuildFile; fileRef = 34F3474725D53EED008955A9 /* LaunchScreen.storyboard */; };
		34F3475F25D53EED008955A9 /* GShopUITests.swift in Sources */ = {isa = PBXBuildFile; fileRef = 34F3475E25D53EED008955A9 /* GShopUITests.swift */; };
		620E2A9A223E294BB3D26A7B /* Pods_GShop.framework in Frameworks */ = {isa = PBXBuildFile; fileRef = D6E91A1474191205ED7A3973 /* Pods_GShop.framework */; };
		DF055F3BD1F50FC513D18F83 /* Pods_GShopTests.framework in Frameworks */ = {isa = PBXBuildFile; fileRef = 19B5E919D253683D2013C2A0 /* Pods_GShopTests.framework */; };
		FBE7CE0E83BFC10F1999BF13 /* Pods_GShop_GShopUITests.framework in Frameworks */ = {isa = PBXBuildFile; fileRef = 61AE718C43A45CC0383662A8 /* Pods_GShop_GShopUITests.framework */; };
/* End PBXBuildFile section */

/* Begin PBXContainerItemProxy section */
		34F3475025D53EED008955A9 /* PBXContainerItemProxy */ = {
			isa = PBXContainerItemProxy;
			containerPortal = 34F3473125D53EE9008955A9 /* Project object */;
			proxyType = 1;
			remoteGlobalIDString = 34F3473825D53EE9008955A9;
			remoteInfo = GShop;
		};
		34F3475B25D53EED008955A9 /* PBXContainerItemProxy */ = {
			isa = PBXContainerItemProxy;
			containerPortal = 34F3473125D53EE9008955A9 /* Project object */;
			proxyType = 1;
			remoteGlobalIDString = 34F3473825D53EE9008955A9;
			remoteInfo = GShop;
		};
/* End PBXContainerItemProxy section */

/* Begin PBXFileReference section */
		19B5E919D253683D2013C2A0 /* Pods_GShopTests.framework */ = {isa = PBXFileReference; explicitFileType = wrapper.framework; includeInIndex = 0; path = Pods_GShopTests.framework; sourceTree = BUILT_PRODUCTS_DIR; };
		3422BAAA25DEBA7900ACC7F9 /* RequestFactoryTests.swift */ = {isa = PBXFileReference; lastKnownFileType = sourcecode.swift; path = RequestFactoryTests.swift; sourceTree = "<group>"; };
		3422BAAC25DEBEA100ACC7F9 /* AuthTests.swift */ = {isa = PBXFileReference; lastKnownFileType = sourcecode.swift; path = AuthTests.swift; sourceTree = "<group>"; };
		3422BAAF25E2921300ACC7F9 /* SignUpTests.swift */ = {isa = PBXFileReference; lastKnownFileType = sourcecode.swift; path = SignUpTests.swift; sourceTree = "<group>"; };
		3422BAB125E3A0A900ACC7F9 /* LogOutTests.swift */ = {isa = PBXFileReference; lastKnownFileType = sourcecode.swift; path = LogOutTests.swift; sourceTree = "<group>"; };
		3422BAB325E3A43600ACC7F9 /* ChangeUserDataTests.swift */ = {isa = PBXFileReference; lastKnownFileType = sourcecode.swift; path = ChangeUserDataTests.swift; sourceTree = "<group>"; };
		3422BAB625E3C3AF00ACC7F9 /* GetGoodById.swift */ = {isa = PBXFileReference; lastKnownFileType = sourcecode.swift; path = GetGoodById.swift; sourceTree = "<group>"; };
		3422BAB925E3C3E500ACC7F9 /* GetGoodByIdRequestFactory.swift */ = {isa = PBXFileReference; lastKnownFileType = sourcecode.swift; path = GetGoodByIdRequestFactory.swift; sourceTree = "<group>"; };
		3422BABB25E3C5FE00ACC7F9 /* ProductById.swift */ = {isa = PBXFileReference; lastKnownFileType = sourcecode.swift; path = ProductById.swift; sourceTree = "<group>"; };
		3422BABD25E3C7BD00ACC7F9 /* GetGoodByIdTests.swift */ = {isa = PBXFileReference; lastKnownFileType = sourcecode.swift; path = GetGoodByIdTests.swift; sourceTree = "<group>"; };
		3422BAC025E3CC5F00ACC7F9 /* CatalogData.swift */ = {isa = PBXFileReference; lastKnownFileType = sourcecode.swift; path = CatalogData.swift; sourceTree = "<group>"; };
		3422BAC225E3CC8300ACC7F9 /* CatalogDataRequestFactory.swift */ = {isa = PBXFileReference; lastKnownFileType = sourcecode.swift; path = CatalogDataRequestFactory.swift; sourceTree = "<group>"; };
		3422BAC425E3CDC500ACC7F9 /* Product.swift */ = {isa = PBXFileReference; lastKnownFileType = sourcecode.swift; path = Product.swift; sourceTree = "<group>"; };
		3422BAC825E3D5B200ACC7F9 /* CatalogDataTests.swift */ = {isa = PBXFileReference; lastKnownFileType = sourcecode.swift; path = CatalogDataTests.swift; sourceTree = "<group>"; };
		343181B725FA2CAA003A9922 /* SignUpPresenter.swift */ = {isa = PBXFileReference; lastKnownFileType = sourcecode.swift; path = SignUpPresenter.swift; sourceTree = "<group>"; };
		343181B925FA2CAA003A9922 /* SignUpRouter.swift */ = {isa = PBXFileReference; lastKnownFileType = sourcecode.swift; path = SignUpRouter.swift; sourceTree = "<group>"; };
		343181BA25FA2CAA003A9922 /* SignUpModels.swift */ = {isa = PBXFileReference; lastKnownFileType = sourcecode.swift; path = SignUpModels.swift; sourceTree = "<group>"; };
		343181BB25FA2CAA003A9922 /* SignUpViewController.swift */ = {isa = PBXFileReference; lastKnownFileType = sourcecode.swift; path = SignUpViewController.swift; sourceTree = "<group>"; };
		343181BC25FA2CAA003A9922 /* SignUpInteractor.swift */ = {isa = PBXFileReference; lastKnownFileType = sourcecode.swift; path = SignUpInteractor.swift; sourceTree = "<group>"; };
		343181C425FA7411003A9922 /* LogInPresenter.swift */ = {isa = PBXFileReference; lastKnownFileType = sourcecode.swift; path = LogInPresenter.swift; sourceTree = "<group>"; };
		343181C625FA7411003A9922 /* LogInRouter.swift */ = {isa = PBXFileReference; lastKnownFileType = sourcecode.swift; path = LogInRouter.swift; sourceTree = "<group>"; };
		343181C725FA7411003A9922 /* LogInModels.swift */ = {isa = PBXFileReference; lastKnownFileType = sourcecode.swift; path = LogInModels.swift; sourceTree = "<group>"; };
		343181C825FA7411003A9922 /* LogInViewController.swift */ = {isa = PBXFileReference; lastKnownFileType = sourcecode.swift; path = LogInViewController.swift; sourceTree = "<group>"; };
		343181C925FA7411003A9922 /* LogInInteractor.swift */ = {isa = PBXFileReference; lastKnownFileType = sourcecode.swift; path = LogInInteractor.swift; sourceTree = "<group>"; };
		343181D125FBADD5003A9922 /* UserInfoPresenter.swift */ = {isa = PBXFileReference; lastKnownFileType = sourcecode.swift; path = UserInfoPresenter.swift; sourceTree = "<group>"; };
		343181D325FBADD5003A9922 /* UserInfoRouter.swift */ = {isa = PBXFileReference; lastKnownFileType = sourcecode.swift; path = UserInfoRouter.swift; sourceTree = "<group>"; };
		343181D425FBADD5003A9922 /* UserInfoModels.swift */ = {isa = PBXFileReference; lastKnownFileType = sourcecode.swift; path = UserInfoModels.swift; sourceTree = "<group>"; };
		343181D525FBADD5003A9922 /* UserInfoViewController.swift */ = {isa = PBXFileReference; lastKnownFileType = sourcecode.swift; path = UserInfoViewController.swift; sourceTree = "<group>"; };
		343181D625FBADD5003A9922 /* UserInfoInteractor.swift */ = {isa = PBXFileReference; lastKnownFileType = sourcecode.swift; path = UserInfoInteractor.swift; sourceTree = "<group>"; };
		347930DC25E67F0F00625D92 /* TestConfiguration.swift */ = {isa = PBXFileReference; lastKnownFileType = sourcecode.swift; path = TestConfiguration.swift; sourceTree = "<group>"; };
		347930DF25E6B49300625D92 /* ProductsIndex.swift */ = {isa = PBXFileReference; lastKnownFileType = sourcecode.swift; path = ProductsIndex.swift; sourceTree = "<group>"; };
		348DA81025ED4FEE0083E1CB /* ReviewsTest.swift */ = {isa = PBXFileReference; lastKnownFileType = sourcecode.swift; path = ReviewsTest.swift; sourceTree = "<group>"; };
		348DA81225ED51180083E1CB /* ReviewsIndexResponse.swift */ = {isa = PBXFileReference; lastKnownFileType = sourcecode.swift; path = ReviewsIndexResponse.swift; sourceTree = "<group>"; };
		348DA81425ED514D0083E1CB /* Review.swift */ = {isa = PBXFileReference; lastKnownFileType = sourcecode.swift; path = Review.swift; sourceTree = "<group>"; };
		348DA81725ED51D10083E1CB /* ReviewsIndexRequestFactory.swift */ = {isa = PBXFileReference; lastKnownFileType = sourcecode.swift; path = ReviewsIndexRequestFactory.swift; sourceTree = "<group>"; };
		348DA81925ED520A0083E1CB /* ReviewsIndex.swift */ = {isa = PBXFileReference; lastKnownFileType = sourcecode.swift; path = ReviewsIndex.swift; sourceTree = "<group>"; };
		348DA81B25EE26480083E1CB /* ReviewCreateResponse.swift */ = {isa = PBXFileReference; lastKnownFileType = sourcecode.swift; path = ReviewCreateResponse.swift; sourceTree = "<group>"; };
		348DA81D25EE26970083E1CB /* ReviewCreateRequestFactory.swift */ = {isa = PBXFileReference; lastKnownFileType = sourcecode.swift; path = ReviewCreateRequestFactory.swift; sourceTree = "<group>"; };
		348DA81F25EE26F30083E1CB /* ReviewCreate.swift */ = {isa = PBXFileReference; lastKnownFileType = sourcecode.swift; path = ReviewCreate.swift; sourceTree = "<group>"; };
		348DA82425EE2A2B0083E1CB /* ReviewDeleteRequestFactory.swift */ = {isa = PBXFileReference; lastKnownFileType = sourcecode.swift; path = ReviewDeleteRequestFactory.swift; sourceTree = "<group>"; };
		348DA82625EE2A8D0083E1CB /* ReviewDelete.swift */ = {isa = PBXFileReference; lastKnownFileType = sourcecode.swift; path = ReviewDelete.swift; sourceTree = "<group>"; };
		3497EE7D26122651008D5FF8 /* GemFile */ = {isa = PBXFileReference; fileEncoding = 4; lastKnownFileType = text; path = GemFile; sourceTree = "<group>"; };
		34A62FCD25DAD94E0080A757 /* AbstractErrorParser.swift */ = {isa = PBXFileReference; lastKnownFileType = sourcecode.swift; path = AbstractErrorParser.swift; sourceTree = "<group>"; };
		34A62FCF25DAD9920080A757 /* ErrorParser.swift */ = {isa = PBXFileReference; lastKnownFileType = sourcecode.swift; path = ErrorParser.swift; sourceTree = "<group>"; };
		34A62FD325DADAEC0080A757 /* RequestRouter.swift */ = {isa = PBXFileReference; lastKnownFileType = sourcecode.swift; path = RequestRouter.swift; sourceTree = "<group>"; };
		34A62FD525DADB380080A757 /* LoginResult.swift */ = {isa = PBXFileReference; lastKnownFileType = sourcecode.swift; path = LoginResult.swift; sourceTree = "<group>"; };
		34A62FD725DADB510080A757 /* User.swift */ = {isa = PBXFileReference; lastKnownFileType = sourcecode.swift; path = User.swift; sourceTree = "<group>"; };
		34A62FDA25DADB8F0080A757 /* AuthRequestFactory.swift */ = {isa = PBXFileReference; lastKnownFileType = sourcecode.swift; path = AuthRequestFactory.swift; sourceTree = "<group>"; };
		34A62FDC25DADBDC0080A757 /* Auth.swift */ = {isa = PBXFileReference; lastKnownFileType = sourcecode.swift; path = Auth.swift; sourceTree = "<group>"; };
		34A62FDE25DADC1F0080A757 /* RequestFactory.swift */ = {isa = PBXFileReference; lastKnownFileType = sourcecode.swift; path = RequestFactory.swift; sourceTree = "<group>"; };
		34A62FE025DD0CDF0080A757 /* AbstractRequestFactory.swift */ = {isa = PBXFileReference; lastKnownFileType = sourcecode.swift; path = AbstractRequestFactory.swift; sourceTree = "<group>"; };
		34A62FE225DD0D470080A757 /* ResponseCodable.swift */ = {isa = PBXFileReference; lastKnownFileType = sourcecode.swift; path = ResponseCodable.swift; sourceTree = "<group>"; };
		34A62FE625DD35C80080A757 /* SignUp.swift */ = {isa = PBXFileReference; lastKnownFileType = sourcecode.swift; path = SignUp.swift; sourceTree = "<group>"; };
		34A62FE825DD35EF0080A757 /* SignUpRequestFactory.swift */ = {isa = PBXFileReference; lastKnownFileType = sourcecode.swift; path = SignUpRequestFactory.swift; sourceTree = "<group>"; };
		34A62FEA25DD37710080A757 /* SignUpResult.swift */ = {isa = PBXFileReference; lastKnownFileType = sourcecode.swift; path = SignUpResult.swift; sourceTree = "<group>"; };
		34A62FED25DD3F160080A757 /* LogOut.swift */ = {isa = PBXFileReference; lastKnownFileType = sourcecode.swift; path = LogOut.swift; sourceTree = "<group>"; };
		34A62FF025DD3F490080A757 /* LogOutRequestFactory.swift */ = {isa = PBXFileReference; lastKnownFileType = sourcecode.swift; path = LogOutRequestFactory.swift; sourceTree = "<group>"; };
		34A62FF225DD40940080A757 /* CommonResponse.swift */ = {isa = PBXFileReference; lastKnownFileType = sourcecode.swift; path = CommonResponse.swift; sourceTree = "<group>"; };
		34A62FF525DD41BF0080A757 /* ChangeUserData.swift */ = {isa = PBXFileReference; lastKnownFileType = sourcecode.swift; path = ChangeUserData.swift; sourceTree = "<group>"; };
		34A62FF725DD41E20080A757 /* ChangeUSerDataRequestFactory.swift */ = {isa = PBXFileReference; lastKnownFileType = sourcecode.swift; path = ChangeUSerDataRequestFactory.swift; sourceTree = "<group>"; };
		34A82C8225F14092009CF031 /* CartsTest.swift */ = {isa = PBXFileReference; lastKnownFileType = sourcecode.swift; path = CartsTest.swift; sourceTree = "<group>"; };
		34A82C8525F14232009CF031 /* CartCheckout.swift */ = {isa = PBXFileReference; lastKnownFileType = sourcecode.swift; path = CartCheckout.swift; sourceTree = "<group>"; };
		34A82C8725F1428E009CF031 /* CartCheckoutRequstFactory.swift */ = {isa = PBXFileReference; lastKnownFileType = sourcecode.swift; path = CartCheckoutRequstFactory.swift; sourceTree = "<group>"; };
		34A82C8A25F3BA8A009CF031 /* CartItemsCreateRequstFactory.swift */ = {isa = PBXFileReference; lastKnownFileType = sourcecode.swift; path = CartItemsCreateRequstFactory.swift; sourceTree = "<group>"; };
		34A82C8C25F3BB04009CF031 /* CartItemsCreate.swift */ = {isa = PBXFileReference; lastKnownFileType = sourcecode.swift; path = CartItemsCreate.swift; sourceTree = "<group>"; };
		34A82C8E25F3BE22009CF031 /* CartItemsDeleteRequstFactory.swift */ = {isa = PBXFileReference; lastKnownFileType = sourcecode.swift; path = CartItemsDeleteRequstFactory.swift; sourceTree = "<group>"; };
		34A82C9025F3BE59009CF031 /* CartItemsDelete.swift */ = {isa = PBXFileReference; lastKnownFileType = sourcecode.swift; path = CartItemsDelete.swift; sourceTree = "<group>"; };
		34A82C9225F8F2DE009CF031 /* Main.storyboard */ = {isa = PBXFileReference; lastKnownFileType = file.storyboard; path = Main.storyboard; sourceTree = "<group>"; };
		34BE0F082600B325001CCB4A /* UserInfo.swift */ = {isa = PBXFileReference; lastKnownFileType = sourcecode.swift; path = UserInfo.swift; sourceTree = "<group>"; };
		34C38C2726039B2C00194626 /* ProductsPresenter.swift */ = {isa = PBXFileReference; lastKnownFileType = sourcecode.swift; path = ProductsPresenter.swift; sourceTree = "<group>"; };
		34C38C2926039B2C00194626 /* ProductsRouter.swift */ = {isa = PBXFileReference; lastKnownFileType = sourcecode.swift; path = ProductsRouter.swift; sourceTree = "<group>"; };
		34C38C2A26039B2C00194626 /* ProductsModels.swift */ = {isa = PBXFileReference; lastKnownFileType = sourcecode.swift; path = ProductsModels.swift; sourceTree = "<group>"; };
		34C38C2B26039B2C00194626 /* ProductsViewController.swift */ = {isa = PBXFileReference; lastKnownFileType = sourcecode.swift; path = ProductsViewController.swift; sourceTree = "<group>"; };
		34C38C2C26039B2C00194626 /* ProductsInteractor.swift */ = {isa = PBXFileReference; lastKnownFileType = sourcecode.swift; path = ProductsInteractor.swift; sourceTree = "<group>"; };
		34C38C352603A6B100194626 /* ProductsTableViewCell.swift */ = {isa = PBXFileReference; lastKnownFileType = sourcecode.swift; path = ProductsTableViewCell.swift; sourceTree = "<group>"; };
		34C38C382608EAAB00194626 /* ProductPresenter.swift */ = {isa = PBXFileReference; lastKnownFileType = sourcecode.swift; path = ProductPresenter.swift; sourceTree = "<group>"; };
		34C38C3A2608EAAB00194626 /* ProductRouter.swift */ = {isa = PBXFileReference; lastKnownFileType = sourcecode.swift; path = ProductRouter.swift; sourceTree = "<group>"; };
		34C38C3B2608EAAB00194626 /* ProductModels.swift */ = {isa = PBXFileReference; lastKnownFileType = sourcecode.swift; path = ProductModels.swift; sourceTree = "<group>"; };
		34C38C3C2608EAAB00194626 /* ProductViewController.swift */ = {isa = PBXFileReference; lastKnownFileType = sourcecode.swift; path = ProductViewController.swift; sourceTree = "<group>"; };
		34C38C3D2608EAAB00194626 /* ProductInteractor.swift */ = {isa = PBXFileReference; lastKnownFileType = sourcecode.swift; path = ProductInteractor.swift; sourceTree = "<group>"; };
		34C38C442608F92C00194626 /* ProductTableViewCell.swift */ = {isa = PBXFileReference; lastKnownFileType = sourcecode.swift; path = ProductTableViewCell.swift; sourceTree = "<group>"; };
		34C38C452608F92C00194626 /* ProductTableViewCell.xib */ = {isa = PBXFileReference; lastKnownFileType = file.xib; path = ProductTableViewCell.xib; sourceTree = "<group>"; };
		34C38C482608FD1E00194626 /* ReviewTableViewCell.swift */ = {isa = PBXFileReference; lastKnownFileType = sourcecode.swift; path = ReviewTableViewCell.swift; sourceTree = "<group>"; };
		34C38C492608FD1E00194626 /* ReviewTableViewCell.xib */ = {isa = PBXFileReference; lastKnownFileType = file.xib; path = ReviewTableViewCell.xib; sourceTree = "<group>"; };
		34EF52E3260B97E10084CB43 /* CartPresenter.swift */ = {isa = PBXFileReference; lastKnownFileType = sourcecode.swift; path = CartPresenter.swift; sourceTree = "<group>"; };
		34EF52E4260B97E10084CB43 /* CartWorker.swift */ = {isa = PBXFileReference; lastKnownFileType = sourcecode.swift; path = CartWorker.swift; sourceTree = "<group>"; };
		34EF52E5260B97E10084CB43 /* CartRouter.swift */ = {isa = PBXFileReference; lastKnownFileType = sourcecode.swift; path = CartRouter.swift; sourceTree = "<group>"; };
		34EF52E6260B97E10084CB43 /* CartModels.swift */ = {isa = PBXFileReference; lastKnownFileType = sourcecode.swift; path = CartModels.swift; sourceTree = "<group>"; };
		34EF52E7260B97E10084CB43 /* CartViewController.swift */ = {isa = PBXFileReference; lastKnownFileType = sourcecode.swift; path = CartViewController.swift; sourceTree = "<group>"; };
		34EF52E8260B97E10084CB43 /* CartInteractor.swift */ = {isa = PBXFileReference; lastKnownFileType = sourcecode.swift; path = CartInteractor.swift; sourceTree = "<group>"; };
		34EF52EF260BA2110084CB43 /* CartItem.swift */ = {isa = PBXFileReference; lastKnownFileType = sourcecode.swift; path = CartItem.swift; sourceTree = "<group>"; };
		34EF52F1260BA9490084CB43 /* CartItemTableViewCell.swift */ = {isa = PBXFileReference; lastKnownFileType = sourcecode.swift; path = CartItemTableViewCell.swift; sourceTree = "<group>"; };
		34EF52F3260BB07D0084CB43 /* CartShowRequestFactory.swift */ = {isa = PBXFileReference; lastKnownFileType = sourcecode.swift; path = CartShowRequestFactory.swift; sourceTree = "<group>"; };
		34EF52F5260BB0C20084CB43 /* Cart.swift */ = {isa = PBXFileReference; lastKnownFileType = sourcecode.swift; path = Cart.swift; sourceTree = "<group>"; };
		34EF52F7260BB10D0084CB43 /* CartShow.swift */ = {isa = PBXFileReference; lastKnownFileType = sourcecode.swift; path = CartShow.swift; sourceTree = "<group>"; };
		34EF52FB260F9B8B0084CB43 /* Podfile */ = {isa = PBXFileReference; fileEncoding = 4; lastKnownFileType = text; path = Podfile; sourceTree = "<group>"; xcLanguageSpecificationIdentifier = xcode.lang.ruby; };
		34EF52FD260F9F150084CB43 /* GoogleService-Info.plist */ = {isa = PBXFileReference; fileEncoding = 4; lastKnownFileType = text.plist.xml; path = "GoogleService-Info.plist"; sourceTree = "<group>"; };
		34EF5300260FA44A0084CB43 /* Analytics.swift */ = {isa = PBXFileReference; lastKnownFileType = sourcecode.swift; path = Analytics.swift; sourceTree = "<group>"; };
		34F3473925D53EE9008955A9 /* GShop.app */ = {isa = PBXFileReference; explicitFileType = wrapper.application; includeInIndex = 0; path = GShop.app; sourceTree = BUILT_PRODUCTS_DIR; };
		34F3473C25D53EE9008955A9 /* AppDelegate.swift */ = {isa = PBXFileReference; lastKnownFileType = sourcecode.swift; path = AppDelegate.swift; sourceTree = "<group>"; };
		34F3473E25D53EE9008955A9 /* SceneDelegate.swift */ = {isa = PBXFileReference; lastKnownFileType = sourcecode.swift; path = SceneDelegate.swift; sourceTree = "<group>"; };
		34F3474525D53EED008955A9 /* Assets.xcassets */ = {isa = PBXFileReference; lastKnownFileType = folder.assetcatalog; path = Assets.xcassets; sourceTree = "<group>"; };
		34F3474825D53EED008955A9 /* Base */ = {isa = PBXFileReference; lastKnownFileType = file.storyboard; name = Base; path = Base.lproj/LaunchScreen.storyboard; sourceTree = "<group>"; };
		34F3474A25D53EED008955A9 /* Info.plist */ = {isa = PBXFileReference; lastKnownFileType = text.plist.xml; path = Info.plist; sourceTree = "<group>"; };
		34F3474F25D53EED008955A9 /* GShopTests.xctest */ = {isa = PBXFileReference; explicitFileType = wrapper.cfbundle; includeInIndex = 0; path = GShopTests.xctest; sourceTree = BUILT_PRODUCTS_DIR; };
		34F3475525D53EED008955A9 /* Info.plist */ = {isa = PBXFileReference; lastKnownFileType = text.plist.xml; path = Info.plist; sourceTree = "<group>"; };
		34F3475A25D53EED008955A9 /* GShopUITests.xctest */ = {isa = PBXFileReference; explicitFileType = wrapper.cfbundle; includeInIndex = 0; path = GShopUITests.xctest; sourceTree = BUILT_PRODUCTS_DIR; };
		34F3475E25D53EED008955A9 /* GShopUITests.swift */ = {isa = PBXFileReference; lastKnownFileType = sourcecode.swift; path = GShopUITests.swift; sourceTree = "<group>"; };
		34F3476025D53EED008955A9 /* Info.plist */ = {isa = PBXFileReference; lastKnownFileType = text.plist.xml; path = Info.plist; sourceTree = "<group>"; };
		38E120F4F5912DB150449FF6 /* Pods-GShop-GShopUITests.debug.xcconfig */ = {isa = PBXFileReference; includeInIndex = 1; lastKnownFileType = text.xcconfig; name = "Pods-GShop-GShopUITests.debug.xcconfig"; path = "Target Support Files/Pods-GShop-GShopUITests/Pods-GShop-GShopUITests.debug.xcconfig"; sourceTree = "<group>"; };
		61AE718C43A45CC0383662A8 /* Pods_GShop_GShopUITests.framework */ = {isa = PBXFileReference; explicitFileType = wrapper.framework; includeInIndex = 0; path = Pods_GShop_GShopUITests.framework; sourceTree = BUILT_PRODUCTS_DIR; };
		9D3A10714C0F0FD84451232B /* Pods-GShopTests.debug.xcconfig */ = {isa = PBXFileReference; includeInIndex = 1; lastKnownFileType = text.xcconfig; name = "Pods-GShopTests.debug.xcconfig"; path = "Target Support Files/Pods-GShopTests/Pods-GShopTests.debug.xcconfig"; sourceTree = "<group>"; };
		A14ECAA8D72C202A5583285D /* Pods-GShopTests.release.xcconfig */ = {isa = PBXFileReference; includeInIndex = 1; lastKnownFileType = text.xcconfig; name = "Pods-GShopTests.release.xcconfig"; path = "Target Support Files/Pods-GShopTests/Pods-GShopTests.release.xcconfig"; sourceTree = "<group>"; };
		ADA3AFD1C311961A6557436D /* Pods-GShop.debug.xcconfig */ = {isa = PBXFileReference; includeInIndex = 1; lastKnownFileType = text.xcconfig; name = "Pods-GShop.debug.xcconfig"; path = "Target Support Files/Pods-GShop/Pods-GShop.debug.xcconfig"; sourceTree = "<group>"; };
		CBA1C10F48E76E78201B3BF7 /* Pods-GShop-GShopUITests.release.xcconfig */ = {isa = PBXFileReference; includeInIndex = 1; lastKnownFileType = text.xcconfig; name = "Pods-GShop-GShopUITests.release.xcconfig"; path = "Target Support Files/Pods-GShop-GShopUITests/Pods-GShop-GShopUITests.release.xcconfig"; sourceTree = "<group>"; };
		D6E91A1474191205ED7A3973 /* Pods_GShop.framework */ = {isa = PBXFileReference; explicitFileType = wrapper.framework; includeInIndex = 0; path = Pods_GShop.framework; sourceTree = BUILT_PRODUCTS_DIR; };
		EEA215165C612F11FCAB5550 /* Pods-GShop.release.xcconfig */ = {isa = PBXFileReference; includeInIndex = 1; lastKnownFileType = text.xcconfig; name = "Pods-GShop.release.xcconfig"; path = "Target Support Files/Pods-GShop/Pods-GShop.release.xcconfig"; sourceTree = "<group>"; };
/* End PBXFileReference section */

/* Begin PBXFrameworksBuildPhase section */
		34F3473625D53EE9008955A9 /* Frameworks */ = {
			isa = PBXFrameworksBuildPhase;
			buildActionMask = 2147483647;
			files = (
				34A62FCB25DAD8F70080A757 /* Alamofire in Frameworks */,
				620E2A9A223E294BB3D26A7B /* Pods_GShop.framework in Frameworks */,
			);
			runOnlyForDeploymentPostprocessing = 0;
		};
		34F3474C25D53EED008955A9 /* Frameworks */ = {
			isa = PBXFrameworksBuildPhase;
			buildActionMask = 2147483647;
			files = (
				DF055F3BD1F50FC513D18F83 /* Pods_GShopTests.framework in Frameworks */,
			);
			runOnlyForDeploymentPostprocessing = 0;
		};
		34F3475725D53EED008955A9 /* Frameworks */ = {
			isa = PBXFrameworksBuildPhase;
			buildActionMask = 2147483647;
			files = (
				FBE7CE0E83BFC10F1999BF13 /* Pods_GShop_GShopUITests.framework in Frameworks */,
			);
			runOnlyForDeploymentPostprocessing = 0;
		};
/* End PBXFrameworksBuildPhase section */

/* Begin PBXGroup section */
		1A1AFE42BF962559FBE37C7D /* Frameworks */ = {
			isa = PBXGroup;
			children = (
				D6E91A1474191205ED7A3973 /* Pods_GShop.framework */,
				61AE718C43A45CC0383662A8 /* Pods_GShop_GShopUITests.framework */,
				19B5E919D253683D2013C2A0 /* Pods_GShopTests.framework */,
			);
			name = Frameworks;
			sourceTree = "<group>";
		};
		3422BAB525E3C36700ACC7F9 /* GetGoodById */ = {
			isa = PBXGroup;
			children = (
				3422BAB625E3C3AF00ACC7F9 /* GetGoodById.swift */,
				3422BAB925E3C3E500ACC7F9 /* GetGoodByIdRequestFactory.swift */,
			);
			path = GetGoodById;
			sourceTree = "<group>";
		};
		3422BABF25E3CC2D00ACC7F9 /* CatalogData */ = {
			isa = PBXGroup;
			children = (
				3422BAC025E3CC5F00ACC7F9 /* CatalogData.swift */,
				3422BAC225E3CC8300ACC7F9 /* CatalogDataRequestFactory.swift */,
			);
			path = CatalogData;
			sourceTree = "<group>";
		};
		343181B625FA2C8A003A9922 /* SignUp */ = {
			isa = PBXGroup;
			children = (
				343181B725FA2CAA003A9922 /* SignUpPresenter.swift */,
				343181B925FA2CAA003A9922 /* SignUpRouter.swift */,
				343181BA25FA2CAA003A9922 /* SignUpModels.swift */,
				343181BB25FA2CAA003A9922 /* SignUpViewController.swift */,
				343181BC25FA2CAA003A9922 /* SignUpInteractor.swift */,
			);
			path = SignUp;
			sourceTree = "<group>";
		};
		343181C325FA73D5003A9922 /* LogIn */ = {
			isa = PBXGroup;
			children = (
				343181C425FA7411003A9922 /* LogInPresenter.swift */,
				343181C625FA7411003A9922 /* LogInRouter.swift */,
				343181C725FA7411003A9922 /* LogInModels.swift */,
				343181C825FA7411003A9922 /* LogInViewController.swift */,
				343181C925FA7411003A9922 /* LogInInteractor.swift */,
			);
			path = LogIn;
			sourceTree = "<group>";
		};
		343181D025FBACF7003A9922 /* UserInfo */ = {
			isa = PBXGroup;
			children = (
				343181D125FBADD5003A9922 /* UserInfoPresenter.swift */,
				343181D325FBADD5003A9922 /* UserInfoRouter.swift */,
				343181D425FBADD5003A9922 /* UserInfoModels.swift */,
				343181D525FBADD5003A9922 /* UserInfoViewController.swift */,
				343181D625FBADD5003A9922 /* UserInfoInteractor.swift */,
			);
			path = UserInfo;
			sourceTree = "<group>";
		};
		348DA81625ED51AA0083E1CB /* Reviews */ = {
			isa = PBXGroup;
			children = (
				348DA81725ED51D10083E1CB /* ReviewsIndexRequestFactory.swift */,
				348DA81925ED520A0083E1CB /* ReviewsIndex.swift */,
				348DA81D25EE26970083E1CB /* ReviewCreateRequestFactory.swift */,
				348DA81F25EE26F30083E1CB /* ReviewCreate.swift */,
				348DA82425EE2A2B0083E1CB /* ReviewDeleteRequestFactory.swift */,
				348DA82625EE2A8D0083E1CB /* ReviewDelete.swift */,
			);
			path = Reviews;
			sourceTree = "<group>";
		};
		348DA82125EE28CF0083E1CB /* Review */ = {
			isa = PBXGroup;
			children = (
				348DA81B25EE26480083E1CB /* ReviewCreateResponse.swift */,
				348DA81425ED514D0083E1CB /* Review.swift */,
				348DA81225ED51180083E1CB /* ReviewsIndexResponse.swift */,
			);
			path = Review;
			sourceTree = "<group>";
		};
		34A62FCC25DAD9280080A757 /* Network */ = {
			isa = PBXGroup;
			children = (
				34A62FCD25DAD94E0080A757 /* AbstractErrorParser.swift */,
				34A62FCF25DAD9920080A757 /* ErrorParser.swift */,
				34A62FE225DD0D470080A757 /* ResponseCodable.swift */,
				34A62FE025DD0CDF0080A757 /* AbstractRequestFactory.swift */,
				34A62FD325DADAEC0080A757 /* RequestRouter.swift */,
			);
			path = Network;
			sourceTree = "<group>";
		};
		34A62FD925DADB6D0080A757 /* Network */ = {
			isa = PBXGroup;
			children = (
				34A82C8925F3BA4E009CF031 /* CartItems */,
				34A82C8425F1420C009CF031 /* Carts */,
				348DA81625ED51AA0083E1CB /* Reviews */,
				3422BABF25E3CC2D00ACC7F9 /* CatalogData */,
				3422BAB525E3C36700ACC7F9 /* GetGoodById */,
				34A62FF425DD419E0080A757 /* ChangeUserData */,
				34A62FEC25DD3EFD0080A757 /* LogOut */,
				34A62FE525DD357E0080A757 /* SignUp */,
				34A62FE425DD19FA0080A757 /* Auth */,
				34A62FDE25DADC1F0080A757 /* RequestFactory.swift */,
			);
			path = Network;
			sourceTree = "<group>";
		};
		34A62FE425DD19FA0080A757 /* Auth */ = {
			isa = PBXGroup;
			children = (
				34A62FDA25DADB8F0080A757 /* AuthRequestFactory.swift */,
				34A62FDC25DADBDC0080A757 /* Auth.swift */,
			);
			path = Auth;
			sourceTree = "<group>";
		};
		34A62FE525DD357E0080A757 /* SignUp */ = {
			isa = PBXGroup;
			children = (
				34A62FE625DD35C80080A757 /* SignUp.swift */,
				34A62FE825DD35EF0080A757 /* SignUpRequestFactory.swift */,
			);
			path = SignUp;
			sourceTree = "<group>";
		};
		34A62FEC25DD3EFD0080A757 /* LogOut */ = {
			isa = PBXGroup;
			children = (
				34A62FED25DD3F160080A757 /* LogOut.swift */,
				34A62FF025DD3F490080A757 /* LogOutRequestFactory.swift */,
			);
			path = LogOut;
			sourceTree = "<group>";
		};
		34A62FF425DD419E0080A757 /* ChangeUserData */ = {
			isa = PBXGroup;
			children = (
				34A62FF525DD41BF0080A757 /* ChangeUserData.swift */,
				34A62FF725DD41E20080A757 /* ChangeUSerDataRequestFactory.swift */,
			);
			path = ChangeUserData;
			sourceTree = "<group>";
		};
		34A82C8425F1420C009CF031 /* Carts */ = {
			isa = PBXGroup;
			children = (
				34A82C8525F14232009CF031 /* CartCheckout.swift */,
				34A82C8725F1428E009CF031 /* CartCheckoutRequstFactory.swift */,
				34EF52F3260BB07D0084CB43 /* CartShowRequestFactory.swift */,
				34EF52F7260BB10D0084CB43 /* CartShow.swift */,
			);
			path = Carts;
			sourceTree = "<group>";
		};
		34A82C8925F3BA4E009CF031 /* CartItems */ = {
			isa = PBXGroup;
			children = (
				34A82C8A25F3BA8A009CF031 /* CartItemsCreateRequstFactory.swift */,
				34A82C8C25F3BB04009CF031 /* CartItemsCreate.swift */,
				34A82C8E25F3BE22009CF031 /* CartItemsDeleteRequstFactory.swift */,
				34A82C9025F3BE59009CF031 /* CartItemsDelete.swift */,
			);
			path = CartItems;
			sourceTree = "<group>";
		};
		34C38C2626039AB300194626 /* Products */ = {
			isa = PBXGroup;
			children = (
				34C38C2726039B2C00194626 /* ProductsPresenter.swift */,
				34C38C2926039B2C00194626 /* ProductsRouter.swift */,
				34C38C2A26039B2C00194626 /* ProductsModels.swift */,
				34C38C2B26039B2C00194626 /* ProductsViewController.swift */,
				34C38C2C26039B2C00194626 /* ProductsInteractor.swift */,
				34C38C352603A6B100194626 /* ProductsTableViewCell.swift */,
			);
			path = Products;
			sourceTree = "<group>";
		};
		34C38C372608EA8F00194626 /* Product */ = {
			isa = PBXGroup;
			children = (
				34C38C382608EAAB00194626 /* ProductPresenter.swift */,
				34C38C3A2608EAAB00194626 /* ProductRouter.swift */,
				34C38C3B2608EAAB00194626 /* ProductModels.swift */,
				34C38C3C2608EAAB00194626 /* ProductViewController.swift */,
				34C38C3D2608EAAB00194626 /* ProductInteractor.swift */,
				34C38C442608F92C00194626 /* ProductTableViewCell.swift */,
				34C38C452608F92C00194626 /* ProductTableViewCell.xib */,
				34C38C482608FD1E00194626 /* ReviewTableViewCell.swift */,
				34C38C492608FD1E00194626 /* ReviewTableViewCell.xib */,
			);
			path = Product;
			sourceTree = "<group>";
		};
		34EF52E2260B97BD0084CB43 /* Cart */ = {
			isa = PBXGroup;
			children = (
				34EF52E3260B97E10084CB43 /* CartPresenter.swift */,
				34EF52E4260B97E10084CB43 /* CartWorker.swift */,
				34EF52E5260B97E10084CB43 /* CartRouter.swift */,
				34EF52E6260B97E10084CB43 /* CartModels.swift */,
				34EF52E7260B97E10084CB43 /* CartViewController.swift */,
				34EF52E8260B97E10084CB43 /* CartInteractor.swift */,
				34EF52F1260BA9490084CB43 /* CartItemTableViewCell.swift */,
			);
			path = Cart;
			sourceTree = "<group>";
		};
		34F3473025D53EE9008955A9 = {
			isa = PBXGroup;
			children = (
				3497EE7D26122651008D5FF8 /* GemFile */,
				34EF52FB260F9B8B0084CB43 /* Podfile */,
				34F3473B25D53EE9008955A9 /* GShop */,
				34F3475225D53EED008955A9 /* GShopTests */,
				34F3475D25D53EED008955A9 /* GShopUITests */,
				34F3473A25D53EE9008955A9 /* Products */,
				829E29815EDD26AE26450D88 /* Pods */,
				1A1AFE42BF962559FBE37C7D /* Frameworks */,
			);
			sourceTree = "<group>";
		};
		34F3473A25D53EE9008955A9 /* Products */ = {
			isa = PBXGroup;
			children = (
				34F3473925D53EE9008955A9 /* GShop.app */,
				34F3474F25D53EED008955A9 /* GShopTests.xctest */,
				34F3475A25D53EED008955A9 /* GShopUITests.xctest */,
			);
			name = Products;
			sourceTree = "<group>";
		};
		34F3473B25D53EE9008955A9 /* GShop */ = {
			isa = PBXGroup;
			children = (
				34EF52FD260F9F150084CB43 /* GoogleService-Info.plist */,
				34F3477725D54561008955A9 /* App */,
				34F3477A25D545BF008955A9 /* Core */,
				34F3477925D5458E008955A9 /* Resources */,
				34F3477825D54571008955A9 /* Environments */,
			);
			path = GShop;
			sourceTree = "<group>";
		};
		34F3475225D53EED008955A9 /* GShopTests */ = {
			isa = PBXGroup;
			children = (
				347930DC25E67F0F00625D92 /* TestConfiguration.swift */,
				34F3475525D53EED008955A9 /* Info.plist */,
				3422BAAA25DEBA7900ACC7F9 /* RequestFactoryTests.swift */,
				3422BAAC25DEBEA100ACC7F9 /* AuthTests.swift */,
				3422BAAF25E2921300ACC7F9 /* SignUpTests.swift */,
				3422BAB125E3A0A900ACC7F9 /* LogOutTests.swift */,
				3422BAB325E3A43600ACC7F9 /* ChangeUserDataTests.swift */,
				3422BABD25E3C7BD00ACC7F9 /* GetGoodByIdTests.swift */,
				3422BAC825E3D5B200ACC7F9 /* CatalogDataTests.swift */,
				348DA81025ED4FEE0083E1CB /* ReviewsTest.swift */,
				34A82C8225F14092009CF031 /* CartsTest.swift */,
			);
			path = GShopTests;
			sourceTree = "<group>";
		};
		34F3475D25D53EED008955A9 /* GShopUITests */ = {
			isa = PBXGroup;
			children = (
				34F3475E25D53EED008955A9 /* GShopUITests.swift */,
				34F3476025D53EED008955A9 /* Info.plist */,
			);
			path = GShopUITests;
			sourceTree = "<group>";
		};
		34F3477325D54519008955A9 /* Flows */ = {
			isa = PBXGroup;
			children = (
				34EF52E2260B97BD0084CB43 /* Cart */,
				34C38C372608EA8F00194626 /* Product */,
				34C38C2626039AB300194626 /* Products */,
				343181D025FBACF7003A9922 /* UserInfo */,
				343181C325FA73D5003A9922 /* LogIn */,
				343181B625FA2C8A003A9922 /* SignUp */,
			);
			path = Flows;
			sourceTree = "<group>";
		};
		34F3477425D54528008955A9 /* BusinessLogic */ = {
			isa = PBXGroup;
			children = (
				34A62FD925DADB6D0080A757 /* Network */,
			);
			path = BusinessLogic;
			sourceTree = "<group>";
		};
		34F3477525D5453F008955A9 /* Assembly */ = {
			isa = PBXGroup;
			children = (
				34EF5300260FA44A0084CB43 /* Analytics.swift */,
			);
			path = Assembly;
			sourceTree = "<group>";
		};
		34F3477625D54553008955A9 /* Entity */ = {
			isa = PBXGroup;
			children = (
				348DA82125EE28CF0083E1CB /* Review */,
				34A62FD525DADB380080A757 /* LoginResult.swift */,
				34A62FD725DADB510080A757 /* User.swift */,
				34A62FEA25DD37710080A757 /* SignUpResult.swift */,
				34A62FF225DD40940080A757 /* CommonResponse.swift */,
				3422BABB25E3C5FE00ACC7F9 /* ProductById.swift */,
				3422BAC425E3CDC500ACC7F9 /* Product.swift */,
				347930DF25E6B49300625D92 /* ProductsIndex.swift */,
				34BE0F082600B325001CCB4A /* UserInfo.swift */,
				34EF52EF260BA2110084CB43 /* CartItem.swift */,
				34EF52F5260BB0C20084CB43 /* Cart.swift */,
			);
			path = Entity;
			sourceTree = "<group>";
		};
		34F3477725D54561008955A9 /* App */ = {
			isa = PBXGroup;
			children = (
				34F3473C25D53EE9008955A9 /* AppDelegate.swift */,
				34F3473E25D53EE9008955A9 /* SceneDelegate.swift */,
				34F3477625D54553008955A9 /* Entity */,
				34F3477525D5453F008955A9 /* Assembly */,
				34F3477425D54528008955A9 /* BusinessLogic */,
				34F3477325D54519008955A9 /* Flows */,
			);
			path = App;
			sourceTree = "<group>";
		};
		34F3477825D54571008955A9 /* Environments */ = {
			isa = PBXGroup;
			children = (
				34F3474A25D53EED008955A9 /* Info.plist */,
			);
			path = Environments;
			sourceTree = "<group>";
		};
		34F3477925D5458E008955A9 /* Resources */ = {
			isa = PBXGroup;
			children = (
				34F3474725D53EED008955A9 /* LaunchScreen.storyboard */,
				34F3474525D53EED008955A9 /* Assets.xcassets */,
				34A82C9225F8F2DE009CF031 /* Main.storyboard */,
			);
			path = Resources;
			sourceTree = "<group>";
		};
		34F3477A25D545BF008955A9 /* Core */ = {
			isa = PBXGroup;
			children = (
				34A62FCC25DAD9280080A757 /* Network */,
			);
			path = Core;
			sourceTree = "<group>";
		};
		829E29815EDD26AE26450D88 /* Pods */ = {
			isa = PBXGroup;
			children = (
				ADA3AFD1C311961A6557436D /* Pods-GShop.debug.xcconfig */,
				EEA215165C612F11FCAB5550 /* Pods-GShop.release.xcconfig */,
				38E120F4F5912DB150449FF6 /* Pods-GShop-GShopUITests.debug.xcconfig */,
				CBA1C10F48E76E78201B3BF7 /* Pods-GShop-GShopUITests.release.xcconfig */,
				9D3A10714C0F0FD84451232B /* Pods-GShopTests.debug.xcconfig */,
				A14ECAA8D72C202A5583285D /* Pods-GShopTests.release.xcconfig */,
			);
			path = Pods;
			sourceTree = "<group>";
		};
/* End PBXGroup section */

/* Begin PBXNativeTarget section */
		34F3473825D53EE9008955A9 /* GShop */ = {
			isa = PBXNativeTarget;
			buildConfigurationList = 34F3476325D53EED008955A9 /* Build configuration list for PBXNativeTarget "GShop" */;
			buildPhases = (
				198E67E51BFC5857E7F8150E /* [CP] Check Pods Manifest.lock */,
				34F3473525D53EE9008955A9 /* Sources */,
				34F3473625D53EE9008955A9 /* Frameworks */,
				34F3473725D53EE9008955A9 /* Resources */,
				34B7FEC625ED3B0C008841D2 /* Run Script */,
				46D6E25AA6833194A5BAB010 /* [CP] Embed Pods Frameworks */,
				34EF52FF260FA10B0084CB43 /* ShellScript */,
			);
			buildRules = (
			);
			dependencies = (
			);
			name = GShop;
			packageProductDependencies = (
				34A62FCA25DAD8F70080A757 /* Alamofire */,
			);
			productName = GShop;
			productReference = 34F3473925D53EE9008955A9 /* GShop.app */;
			productType = "com.apple.product-type.application";
		};
		34F3474E25D53EED008955A9 /* GShopTests */ = {
			isa = PBXNativeTarget;
			buildConfigurationList = 34F3476625D53EED008955A9 /* Build configuration list for PBXNativeTarget "GShopTests" */;
			buildPhases = (
				84E1FCC6EE571E348CFCDB98 /* [CP] Check Pods Manifest.lock */,
				34F3474B25D53EED008955A9 /* Sources */,
				34F3474C25D53EED008955A9 /* Frameworks */,
				34F3474D25D53EED008955A9 /* Resources */,
			);
			buildRules = (
			);
			dependencies = (
				34F3475125D53EED008955A9 /* PBXTargetDependency */,
			);
			name = GShopTests;
			productName = GShopTests;
			productReference = 34F3474F25D53EED008955A9 /* GShopTests.xctest */;
			productType = "com.apple.product-type.bundle.unit-test";
		};
		34F3475925D53EED008955A9 /* GShopUITests */ = {
			isa = PBXNativeTarget;
			buildConfigurationList = 34F3476925D53EED008955A9 /* Build configuration list for PBXNativeTarget "GShopUITests" */;
			buildPhases = (
				90FC21D6CE150455BAB866B8 /* [CP] Check Pods Manifest.lock */,
				34F3475625D53EED008955A9 /* Sources */,
				34F3475725D53EED008955A9 /* Frameworks */,
				34F3475825D53EED008955A9 /* Resources */,
				2F438C683E5E64F6DE1B235F /* [CP] Embed Pods Frameworks */,
			);
			buildRules = (
			);
			dependencies = (
				34F3475C25D53EED008955A9 /* PBXTargetDependency */,
			);
			name = GShopUITests;
			productName = GShopUITests;
			productReference = 34F3475A25D53EED008955A9 /* GShopUITests.xctest */;
			productType = "com.apple.product-type.bundle.ui-testing";
		};
/* End PBXNativeTarget section */

/* Begin PBXProject section */
		34F3473125D53EE9008955A9 /* Project object */ = {
			isa = PBXProject;
			attributes = {
				LastSwiftUpdateCheck = 1140;
				LastUpgradeCheck = 1140;
				ORGANIZATIONNAME = "Ostagram Inc.";
				TargetAttributes = {
					34F3473825D53EE9008955A9 = {
						CreatedOnToolsVersion = 11.4.1;
					};
					34F3474E25D53EED008955A9 = {
						CreatedOnToolsVersion = 11.4.1;
						TestTargetID = 34F3473825D53EE9008955A9;
					};
					34F3475925D53EED008955A9 = {
						CreatedOnToolsVersion = 11.4.1;
						TestTargetID = 34F3473825D53EE9008955A9;
					};
				};
			};
			buildConfigurationList = 34F3473425D53EE9008955A9 /* Build configuration list for PBXProject "GShop" */;
			compatibilityVersion = "Xcode 9.3";
			developmentRegion = en;
			hasScannedForEncodings = 0;
			knownRegions = (
				en,
				Base,
			);
			mainGroup = 34F3473025D53EE9008955A9;
			packageReferences = (
				34A62FC925DAD8F70080A757 /* XCRemoteSwiftPackageReference "Alamofire" */,
			);
			productRefGroup = 34F3473A25D53EE9008955A9 /* Products */;
			projectDirPath = "";
			projectRoot = "";
			targets = (
				34F3473825D53EE9008955A9 /* GShop */,
				34F3474E25D53EED008955A9 /* GShopTests */,
				34F3475925D53EED008955A9 /* GShopUITests */,
			);
		};
/* End PBXProject section */

/* Begin PBXResourcesBuildPhase section */
		34F3473725D53EE9008955A9 /* Resources */ = {
			isa = PBXResourcesBuildPhase;
			buildActionMask = 2147483647;
			files = (
				3497EE7E26122651008D5FF8 /* GemFile in Resources */,
				34A82C9325F8F2DE009CF031 /* Main.storyboard in Resources */,
				34C38C472608F92C00194626 /* ProductTableViewCell.xib in Resources */,
				34F3474925D53EED008955A9 /* LaunchScreen.storyboard in Resources */,
				34C38C4B2608FD1E00194626 /* ReviewTableViewCell.xib in Resources */,
				34F3474625D53EED008955A9 /* Assets.xcassets in Resources */,
				34EF52FC260F9B8B0084CB43 /* Podfile in Resources */,
				34EF52FE260F9F150084CB43 /* GoogleService-Info.plist in Resources */,
			);
			runOnlyForDeploymentPostprocessing = 0;
		};
		34F3474D25D53EED008955A9 /* Resources */ = {
			isa = PBXResourcesBuildPhase;
			buildActionMask = 2147483647;
			files = (
			);
			runOnlyForDeploymentPostprocessing = 0;
		};
		34F3475825D53EED008955A9 /* Resources */ = {
			isa = PBXResourcesBuildPhase;
			buildActionMask = 2147483647;
			files = (
			);
			runOnlyForDeploymentPostprocessing = 0;
		};
/* End PBXResourcesBuildPhase section */

/* Begin PBXShellScriptBuildPhase section */
		198E67E51BFC5857E7F8150E /* [CP] Check Pods Manifest.lock */ = {
			isa = PBXShellScriptBuildPhase;
			buildActionMask = 2147483647;
			files = (
			);
			inputFileListPaths = (
			);
			inputPaths = (
				"${PODS_PODFILE_DIR_PATH}/Podfile.lock",
				"${PODS_ROOT}/Manifest.lock",
			);
			name = "[CP] Check Pods Manifest.lock";
			outputFileListPaths = (
			);
			outputPaths = (
				"$(DERIVED_FILE_DIR)/Pods-GShop-checkManifestLockResult.txt",
			);
			runOnlyForDeploymentPostprocessing = 0;
			shellPath = /bin/sh;
			shellScript = "diff \"${PODS_PODFILE_DIR_PATH}/Podfile.lock\" \"${PODS_ROOT}/Manifest.lock\" > /dev/null\nif [ $? != 0 ] ; then\n    # print error to STDERR\n    echo \"error: The sandbox is not in sync with the Podfile.lock. Run 'pod install' or update your CocoaPods installation.\" >&2\n    exit 1\nfi\n# This output is used by Xcode 'outputs' to avoid re-running this script phase.\necho \"SUCCESS\" > \"${SCRIPT_OUTPUT_FILE_0}\"\n";
			showEnvVarsInLog = 0;
		};
		2F438C683E5E64F6DE1B235F /* [CP] Embed Pods Frameworks */ = {
			isa = PBXShellScriptBuildPhase;
			buildActionMask = 2147483647;
			files = (
			);
			inputFileListPaths = (
				"${PODS_ROOT}/Target Support Files/Pods-GShop-GShopUITests/Pods-GShop-GShopUITests-frameworks-${CONFIGURATION}-input-files.xcfilelist",
			);
			name = "[CP] Embed Pods Frameworks";
			outputFileListPaths = (
				"${PODS_ROOT}/Target Support Files/Pods-GShop-GShopUITests/Pods-GShop-GShopUITests-frameworks-${CONFIGURATION}-output-files.xcfilelist",
			);
			runOnlyForDeploymentPostprocessing = 0;
			shellPath = /bin/sh;
			shellScript = "\"${PODS_ROOT}/Target Support Files/Pods-GShop-GShopUITests/Pods-GShop-GShopUITests-frameworks.sh\"\n";
			showEnvVarsInLog = 0;
		};
		34B7FEC625ED3B0C008841D2 /* Run Script */ = {
			isa = PBXShellScriptBuildPhase;
			buildActionMask = 2147483647;
			files = (
			);
			inputFileListPaths = (
			);
			inputPaths = (
			);
			name = "Run Script";
			outputFileListPaths = (
			);
			outputPaths = (
			);
			runOnlyForDeploymentPostprocessing = 0;
			shellPath = /bin/sh;
			shellScript = "\n# Type a script or drag a script file from your workspace to insert its path.\nif which swiftlint >/dev/null; then\n  swiftlint\nelse\n  echo \"warning: SwiftLint not installed, download from https://github.com/realm/SwiftLint\"\nfi\n\n\n";
		};
		34EF52FF260FA10B0084CB43 /* ShellScript */ = {
			isa = PBXShellScriptBuildPhase;
			buildActionMask = 2147483647;
			files = (
			);
			inputFileListPaths = (
			);
			inputPaths = (
			);
			outputFileListPaths = (
			);
			outputPaths = (
			);
			runOnlyForDeploymentPostprocessing = 0;
			shellPath = /bin/sh;
			shellScript = "# Type a script or drag a script file from your workspace to insert its path.\n\"${PODS_ROOT}/FirebaseCrashlytics/run\"\n";
		};
		46D6E25AA6833194A5BAB010 /* [CP] Embed Pods Frameworks */ = {
			isa = PBXShellScriptBuildPhase;
			buildActionMask = 2147483647;
			files = (
			);
			inputFileListPaths = (
				"${PODS_ROOT}/Target Support Files/Pods-GShop/Pods-GShop-frameworks-${CONFIGURATION}-input-files.xcfilelist",
			);
			name = "[CP] Embed Pods Frameworks";
			outputFileListPaths = (
				"${PODS_ROOT}/Target Support Files/Pods-GShop/Pods-GShop-frameworks-${CONFIGURATION}-output-files.xcfilelist",
			);
			runOnlyForDeploymentPostprocessing = 0;
			shellPath = /bin/sh;
			shellScript = "\"${PODS_ROOT}/Target Support Files/Pods-GShop/Pods-GShop-frameworks.sh\"\n";
			showEnvVarsInLog = 0;
		};
		84E1FCC6EE571E348CFCDB98 /* [CP] Check Pods Manifest.lock */ = {
			isa = PBXShellScriptBuildPhase;
			buildActionMask = 2147483647;
			files = (
			);
			inputFileListPaths = (
			);
			inputPaths = (
				"${PODS_PODFILE_DIR_PATH}/Podfile.lock",
				"${PODS_ROOT}/Manifest.lock",
			);
			name = "[CP] Check Pods Manifest.lock";
			outputFileListPaths = (
			);
			outputPaths = (
				"$(DERIVED_FILE_DIR)/Pods-GShopTests-checkManifestLockResult.txt",
			);
			runOnlyForDeploymentPostprocessing = 0;
			shellPath = /bin/sh;
			shellScript = "diff \"${PODS_PODFILE_DIR_PATH}/Podfile.lock\" \"${PODS_ROOT}/Manifest.lock\" > /dev/null\nif [ $? != 0 ] ; then\n    # print error to STDERR\n    echo \"error: The sandbox is not in sync with the Podfile.lock. Run 'pod install' or update your CocoaPods installation.\" >&2\n    exit 1\nfi\n# This output is used by Xcode 'outputs' to avoid re-running this script phase.\necho \"SUCCESS\" > \"${SCRIPT_OUTPUT_FILE_0}\"\n";
			showEnvVarsInLog = 0;
		};
		90FC21D6CE150455BAB866B8 /* [CP] Check Pods Manifest.lock */ = {
			isa = PBXShellScriptBuildPhase;
			buildActionMask = 2147483647;
			files = (
			);
			inputFileListPaths = (
			);
			inputPaths = (
				"${PODS_PODFILE_DIR_PATH}/Podfile.lock",
				"${PODS_ROOT}/Manifest.lock",
			);
			name = "[CP] Check Pods Manifest.lock";
			outputFileListPaths = (
			);
			outputPaths = (
				"$(DERIVED_FILE_DIR)/Pods-GShop-GShopUITests-checkManifestLockResult.txt",
			);
			runOnlyForDeploymentPostprocessing = 0;
			shellPath = /bin/sh;
			shellScript = "diff \"${PODS_PODFILE_DIR_PATH}/Podfile.lock\" \"${PODS_ROOT}/Manifest.lock\" > /dev/null\nif [ $? != 0 ] ; then\n    # print error to STDERR\n    echo \"error: The sandbox is not in sync with the Podfile.lock. Run 'pod install' or update your CocoaPods installation.\" >&2\n    exit 1\nfi\n# This output is used by Xcode 'outputs' to avoid re-running this script phase.\necho \"SUCCESS\" > \"${SCRIPT_OUTPUT_FILE_0}\"\n";
			showEnvVarsInLog = 0;
		};
/* End PBXShellScriptBuildPhase section */

/* Begin PBXSourcesBuildPhase section */
		34F3473525D53EE9008955A9 /* Sources */ = {
			isa = PBXSourcesBuildPhase;
			buildActionMask = 2147483647;
			files = (
				34A82C8D25F3BB04009CF031 /* CartItemsCreate.swift in Sources */,
				343181DC25FBADD5003A9922 /* UserInfoInteractor.swift in Sources */,
				34A62FF625DD41BF0080A757 /* ChangeUserData.swift in Sources */,
				343181BD25FA2CAA003A9922 /* SignUpPresenter.swift in Sources */,
				34A62FDF25DADC1F0080A757 /* RequestFactory.swift in Sources */,
				34BE0F092600B325001CCB4A /* UserInfo.swift in Sources */,
				34A62FEE25DD3F160080A757 /* LogOut.swift in Sources */,
				34A62FEB25DD37710080A757 /* SignUpResult.swift in Sources */,
				343181CF25FA7411003A9922 /* LogInInteractor.swift in Sources */,
				3422BAB725E3C3AF00ACC7F9 /* GetGoodById.swift in Sources */,
				34EF52F6260BB0C20084CB43 /* Cart.swift in Sources */,
				343181D925FBADD5003A9922 /* UserInfoRouter.swift in Sources */,
				348DA81C25EE26480083E1CB /* ReviewCreateResponse.swift in Sources */,
				343181DA25FBADD5003A9922 /* UserInfoModels.swift in Sources */,
				34A62FF325DD40940080A757 /* CommonResponse.swift in Sources */,
				34A82C8B25F3BA8A009CF031 /* CartItemsCreateRequstFactory.swift in Sources */,
				34A62FCE25DAD94E0080A757 /* AbstractErrorParser.swift in Sources */,
				343181CA25FA7411003A9922 /* LogInPresenter.swift in Sources */,
				34EF52EC260B97E10084CB43 /* CartModels.swift in Sources */,
				3422BAC325E3CC8300ACC7F9 /* CatalogDataRequestFactory.swift in Sources */,
				343181CC25FA7411003A9922 /* LogInRouter.swift in Sources */,
				34C38C2D26039B2C00194626 /* ProductsPresenter.swift in Sources */,
				34A62FE325DD0D470080A757 /* ResponseCodable.swift in Sources */,
				34C38C2F26039B2C00194626 /* ProductsRouter.swift in Sources */,
				34EF5301260FA44A0084CB43 /* Analytics.swift in Sources */,
				34C38C412608EAAB00194626 /* ProductModels.swift in Sources */,
				343181CE25FA7411003A9922 /* LogInViewController.swift in Sources */,
				34C38C4A2608FD1E00194626 /* ReviewTableViewCell.swift in Sources */,
				348DA81325ED51180083E1CB /* ReviewsIndexResponse.swift in Sources */,
				348DA82025EE26F30083E1CB /* ReviewCreate.swift in Sources */,
				34EF52ED260B97E10084CB43 /* CartViewController.swift in Sources */,
				347930E025E6B49300625D92 /* ProductsIndex.swift in Sources */,
				34A82C9125F3BE59009CF031 /* CartItemsDelete.swift in Sources */,
				34C38C3026039B2C00194626 /* ProductsModels.swift in Sources */,
				34EF52EB260B97E10084CB43 /* CartRouter.swift in Sources */,
				34A82C8625F14232009CF031 /* CartCheckout.swift in Sources */,
				34A82C8825F1428E009CF031 /* CartCheckoutRequstFactory.swift in Sources */,
				348DA81825ED51D10083E1CB /* ReviewsIndexRequestFactory.swift in Sources */,
				343181DB25FBADD5003A9922 /* UserInfoViewController.swift in Sources */,
				34C38C462608F92C00194626 /* ProductTableViewCell.swift in Sources */,
				34C38C402608EAAB00194626 /* ProductRouter.swift in Sources */,
				34A62FF125DD3F490080A757 /* LogOutRequestFactory.swift in Sources */,
				343181D725FBADD5003A9922 /* UserInfoPresenter.swift in Sources */,
				34C38C3226039B2C00194626 /* ProductsInteractor.swift in Sources */,
				343181CD25FA7411003A9922 /* LogInModels.swift in Sources */,
				34A62FD625DADB380080A757 /* LoginResult.swift in Sources */,
				34F3473D25D53EE9008955A9 /* AppDelegate.swift in Sources */,
				34A62FE125DD0CDF0080A757 /* AbstractRequestFactory.swift in Sources */,
				343181C225FA2CAA003A9922 /* SignUpInteractor.swift in Sources */,
				3422BABC25E3C5FE00ACC7F9 /* ProductById.swift in Sources */,
				34A62FE925DD35EF0080A757 /* SignUpRequestFactory.swift in Sources */,
				34C38C422608EAAB00194626 /* ProductViewController.swift in Sources */,
				34A62FD425DADAEC0080A757 /* RequestRouter.swift in Sources */,
				34A62FD825DADB510080A757 /* User.swift in Sources */,
				34A62FDD25DADBDC0080A757 /* Auth.swift in Sources */,
				3422BAC125E3CC5F00ACC7F9 /* CatalogData.swift in Sources */,
				3422BABA25E3C3E500ACC7F9 /* GetGoodByIdRequestFactory.swift in Sources */,
				343181C025FA2CAA003A9922 /* SignUpModels.swift in Sources */,
				348DA82725EE2A8D0083E1CB /* ReviewDelete.swift in Sources */,
				34C38C3E2608EAAB00194626 /* ProductPresenter.swift in Sources */,
				34EF52F2260BA9490084CB43 /* CartItemTableViewCell.swift in Sources */,
				348DA81A25ED520A0083E1CB /* ReviewsIndex.swift in Sources */,
				34EF52E9260B97E10084CB43 /* CartPresenter.swift in Sources */,
				34A62FDB25DADB8F0080A757 /* AuthRequestFactory.swift in Sources */,
				34C38C3126039B2C00194626 /* ProductsViewController.swift in Sources */,
				343181BF25FA2CAA003A9922 /* SignUpRouter.swift in Sources */,
				343181C125FA2CAA003A9922 /* SignUpViewController.swift in Sources */,
				348DA81525ED514D0083E1CB /* Review.swift in Sources */,
				34F3473F25D53EE9008955A9 /* SceneDelegate.swift in Sources */,
				34EF52F4260BB07D0084CB43 /* CartShowRequestFactory.swift in Sources */,
				34EF52EA260B97E10084CB43 /* CartWorker.swift in Sources */,
				34A62FF825DD41E20080A757 /* ChangeUSerDataRequestFactory.swift in Sources */,
				34A82C8F25F3BE22009CF031 /* CartItemsDeleteRequstFactory.swift in Sources */,
				34EF52F8260BB10D0084CB43 /* CartShow.swift in Sources */,
				348DA82525EE2A2B0083E1CB /* ReviewDeleteRequestFactory.swift in Sources */,
				34A62FE725DD35C80080A757 /* SignUp.swift in Sources */,
				34A62FD025DAD9920080A757 /* ErrorParser.swift in Sources */,
				34C38C432608EAAB00194626 /* ProductInteractor.swift in Sources */,
				34C38C362603A6B100194626 /* ProductsTableViewCell.swift in Sources */,
				348DA81E25EE26970083E1CB /* ReviewCreateRequestFactory.swift in Sources */,
				3422BAC525E3CDC500ACC7F9 /* Product.swift in Sources */,
				34EF52F0260BA2110084CB43 /* CartItem.swift in Sources */,
				34EF52EE260B97E10084CB43 /* CartInteractor.swift in Sources */,
			);
			runOnlyForDeploymentPostprocessing = 0;
		};
		34F3474B25D53EED008955A9 /* Sources */ = {
			isa = PBXSourcesBuildPhase;
			buildActionMask = 2147483647;
			files = (
				3422BAC925E3D5B200ACC7F9 /* CatalogDataTests.swift in Sources */,
				34A82C8325F14092009CF031 /* CartsTest.swift in Sources */,
				348DA81125ED4FEE0083E1CB /* ReviewsTest.swift in Sources */,
				3422BAAB25DEBA7900ACC7F9 /* RequestFactoryTests.swift in Sources */,
				3422BAB425E3A43600ACC7F9 /* ChangeUserDataTests.swift in Sources */,
				3422BAB025E2921300ACC7F9 /* SignUpTests.swift in Sources */,
				3422BAAD25DEBEA100ACC7F9 /* AuthTests.swift in Sources */,
				3422BAB225E3A0A900ACC7F9 /* LogOutTests.swift in Sources */,
				347930DE25E6802D00625D92 /* TestConfiguration.swift in Sources */,
				3422BABE25E3C7BD00ACC7F9 /* GetGoodByIdTests.swift in Sources */,
			);
			runOnlyForDeploymentPostprocessing = 0;
		};
		34F3475625D53EED008955A9 /* Sources */ = {
			isa = PBXSourcesBuildPhase;
			buildActionMask = 2147483647;
			files = (
				34F3475F25D53EED008955A9 /* GShopUITests.swift in Sources */,
			);
			runOnlyForDeploymentPostprocessing = 0;
		};
/* End PBXSourcesBuildPhase section */

/* Begin PBXTargetDependency section */
		34F3475125D53EED008955A9 /* PBXTargetDependency */ = {
			isa = PBXTargetDependency;
			target = 34F3473825D53EE9008955A9 /* GShop */;
			targetProxy = 34F3475025D53EED008955A9 /* PBXContainerItemProxy */;
		};
		34F3475C25D53EED008955A9 /* PBXTargetDependency */ = {
			isa = PBXTargetDependency;
			target = 34F3473825D53EE9008955A9 /* GShop */;
			targetProxy = 34F3475B25D53EED008955A9 /* PBXContainerItemProxy */;
		};
/* End PBXTargetDependency section */

/* Begin PBXVariantGroup section */
		34F3474725D53EED008955A9 /* LaunchScreen.storyboard */ = {
			isa = PBXVariantGroup;
			children = (
				34F3474825D53EED008955A9 /* Base */,
			);
			name = LaunchScreen.storyboard;
			sourceTree = "<group>";
		};
/* End PBXVariantGroup section */

/* Begin XCBuildConfiguration section */
		34F3476125D53EED008955A9 /* Debug */ = {
			isa = XCBuildConfiguration;
			buildSettings = {
				ALWAYS_SEARCH_USER_PATHS = NO;
				CLANG_ANALYZER_NONNULL = YES;
				CLANG_ANALYZER_NUMBER_OBJECT_CONVERSION = YES_AGGRESSIVE;
				CLANG_CXX_LANGUAGE_STANDARD = "gnu++14";
				CLANG_CXX_LIBRARY = "libc++";
				CLANG_ENABLE_MODULES = YES;
				CLANG_ENABLE_OBJC_ARC = YES;
				CLANG_ENABLE_OBJC_WEAK = YES;
				CLANG_WARN_BLOCK_CAPTURE_AUTORELEASING = YES;
				CLANG_WARN_BOOL_CONVERSION = YES;
				CLANG_WARN_COMMA = YES;
				CLANG_WARN_CONSTANT_CONVERSION = YES;
				CLANG_WARN_DEPRECATED_OBJC_IMPLEMENTATIONS = YES;
				CLANG_WARN_DIRECT_OBJC_ISA_USAGE = YES_ERROR;
				CLANG_WARN_DOCUMENTATION_COMMENTS = YES;
				CLANG_WARN_EMPTY_BODY = YES;
				CLANG_WARN_ENUM_CONVERSION = YES;
				CLANG_WARN_INFINITE_RECURSION = YES;
				CLANG_WARN_INT_CONVERSION = YES;
				CLANG_WARN_NON_LITERAL_NULL_CONVERSION = YES;
				CLANG_WARN_OBJC_IMPLICIT_RETAIN_SELF = YES;
				CLANG_WARN_OBJC_LITERAL_CONVERSION = YES;
				CLANG_WARN_OBJC_ROOT_CLASS = YES_ERROR;
				CLANG_WARN_RANGE_LOOP_ANALYSIS = YES;
				CLANG_WARN_STRICT_PROTOTYPES = YES;
				CLANG_WARN_SUSPICIOUS_MOVE = YES;
				CLANG_WARN_UNGUARDED_AVAILABILITY = YES_AGGRESSIVE;
				CLANG_WARN_UNREACHABLE_CODE = YES;
				CLANG_WARN__DUPLICATE_METHOD_MATCH = YES;
				COPY_PHASE_STRIP = NO;
				DEBUG_INFORMATION_FORMAT = dwarf;
				ENABLE_STRICT_OBJC_MSGSEND = YES;
				ENABLE_TESTABILITY = YES;
				GCC_C_LANGUAGE_STANDARD = gnu11;
				GCC_DYNAMIC_NO_PIC = NO;
				GCC_NO_COMMON_BLOCKS = YES;
				GCC_OPTIMIZATION_LEVEL = 0;
				GCC_PREPROCESSOR_DEFINITIONS = (
					"DEBUG=1",
					"$(inherited)",
				);
				GCC_WARN_64_TO_32_BIT_CONVERSION = YES;
				GCC_WARN_ABOUT_RETURN_TYPE = YES_ERROR;
				GCC_WARN_UNDECLARED_SELECTOR = YES;
				GCC_WARN_UNINITIALIZED_AUTOS = YES_AGGRESSIVE;
				GCC_WARN_UNUSED_FUNCTION = YES;
				GCC_WARN_UNUSED_VARIABLE = YES;
				IPHONEOS_DEPLOYMENT_TARGET = 13.4;
				MTL_ENABLE_DEBUG_INFO = INCLUDE_SOURCE;
				MTL_FAST_MATH = YES;
				ONLY_ACTIVE_ARCH = YES;
				SDKROOT = iphoneos;
				SWIFT_ACTIVE_COMPILATION_CONDITIONS = DEBUG;
				SWIFT_OPTIMIZATION_LEVEL = "-Onone";
			};
			name = Debug;
		};
		34F3476225D53EED008955A9 /* Release */ = {
			isa = XCBuildConfiguration;
			buildSettings = {
				ALWAYS_SEARCH_USER_PATHS = NO;
				CLANG_ANALYZER_NONNULL = YES;
				CLANG_ANALYZER_NUMBER_OBJECT_CONVERSION = YES_AGGRESSIVE;
				CLANG_CXX_LANGUAGE_STANDARD = "gnu++14";
				CLANG_CXX_LIBRARY = "libc++";
				CLANG_ENABLE_MODULES = YES;
				CLANG_ENABLE_OBJC_ARC = YES;
				CLANG_ENABLE_OBJC_WEAK = YES;
				CLANG_WARN_BLOCK_CAPTURE_AUTORELEASING = YES;
				CLANG_WARN_BOOL_CONVERSION = YES;
				CLANG_WARN_COMMA = YES;
				CLANG_WARN_CONSTANT_CONVERSION = YES;
				CLANG_WARN_DEPRECATED_OBJC_IMPLEMENTATIONS = YES;
				CLANG_WARN_DIRECT_OBJC_ISA_USAGE = YES_ERROR;
				CLANG_WARN_DOCUMENTATION_COMMENTS = YES;
				CLANG_WARN_EMPTY_BODY = YES;
				CLANG_WARN_ENUM_CONVERSION = YES;
				CLANG_WARN_INFINITE_RECURSION = YES;
				CLANG_WARN_INT_CONVERSION = YES;
				CLANG_WARN_NON_LITERAL_NULL_CONVERSION = YES;
				CLANG_WARN_OBJC_IMPLICIT_RETAIN_SELF = YES;
				CLANG_WARN_OBJC_LITERAL_CONVERSION = YES;
				CLANG_WARN_OBJC_ROOT_CLASS = YES_ERROR;
				CLANG_WARN_RANGE_LOOP_ANALYSIS = YES;
				CLANG_WARN_STRICT_PROTOTYPES = YES;
				CLANG_WARN_SUSPICIOUS_MOVE = YES;
				CLANG_WARN_UNGUARDED_AVAILABILITY = YES_AGGRESSIVE;
				CLANG_WARN_UNREACHABLE_CODE = YES;
				CLANG_WARN__DUPLICATE_METHOD_MATCH = YES;
				COPY_PHASE_STRIP = NO;
				DEBUG_INFORMATION_FORMAT = "dwarf-with-dsym";
				ENABLE_NS_ASSERTIONS = NO;
				ENABLE_STRICT_OBJC_MSGSEND = YES;
				GCC_C_LANGUAGE_STANDARD = gnu11;
				GCC_NO_COMMON_BLOCKS = YES;
				GCC_WARN_64_TO_32_BIT_CONVERSION = YES;
				GCC_WARN_ABOUT_RETURN_TYPE = YES_ERROR;
				GCC_WARN_UNDECLARED_SELECTOR = YES;
				GCC_WARN_UNINITIALIZED_AUTOS = YES_AGGRESSIVE;
				GCC_WARN_UNUSED_FUNCTION = YES;
				GCC_WARN_UNUSED_VARIABLE = YES;
				IPHONEOS_DEPLOYMENT_TARGET = 13.4;
				MTL_ENABLE_DEBUG_INFO = NO;
				MTL_FAST_MATH = YES;
				SDKROOT = iphoneos;
				SWIFT_COMPILATION_MODE = wholemodule;
				SWIFT_OPTIMIZATION_LEVEL = "-O";
				VALIDATE_PRODUCT = YES;
			};
			name = Release;
		};
		34F3476425D53EED008955A9 /* Debug */ = {
			isa = XCBuildConfiguration;
			baseConfigurationReference = ADA3AFD1C311961A6557436D /* Pods-GShop.debug.xcconfig */;
			buildSettings = {
				ASSETCATALOG_COMPILER_APPICON_NAME = AppIcon;
				CODE_SIGN_STYLE = Automatic;
				DEBUG_INFORMATION_FORMAT = "dwarf-with-dsym";
				DEVELOPMENT_TEAM = GRAL3CBVS6;
				INFOPLIST_FILE = GShop/Environments/Info.plist;
				LD_RUNPATH_SEARCH_PATHS = (
					"$(inherited)",
					"@executable_path/Frameworks",
				);
				PRODUCT_BUNDLE_IDENTIFIER = com.morugins.GShop;
				PRODUCT_NAME = "$(TARGET_NAME)";
				SWIFT_VERSION = 5.0;
				TARGETED_DEVICE_FAMILY = "1,2";
			};
			name = Debug;
		};
		34F3476525D53EED008955A9 /* Release */ = {
			isa = XCBuildConfiguration;
			baseConfigurationReference = EEA215165C612F11FCAB5550 /* Pods-GShop.release.xcconfig */;
			buildSettings = {
				ASSETCATALOG_COMPILER_APPICON_NAME = AppIcon;
				CODE_SIGN_STYLE = Automatic;
				DEVELOPMENT_TEAM = GRAL3CBVS6;
				INFOPLIST_FILE = GShop/Environments/Info.plist;
				LD_RUNPATH_SEARCH_PATHS = (
					"$(inherited)",
					"@executable_path/Frameworks",
				);
				PRODUCT_BUNDLE_IDENTIFIER = com.morugins.GShop;
				PRODUCT_NAME = "$(TARGET_NAME)";
				SWIFT_VERSION = 5.0;
				TARGETED_DEVICE_FAMILY = "1,2";
			};
			name = Release;
		};
		34F3476725D53EED008955A9 /* Debug */ = {
			isa = XCBuildConfiguration;
			baseConfigurationReference = 9D3A10714C0F0FD84451232B /* Pods-GShopTests.debug.xcconfig */;
			buildSettings = {
				ALWAYS_EMBED_SWIFT_STANDARD_LIBRARIES = YES;
				BUNDLE_LOADER = "$(TEST_HOST)";
				CODE_SIGN_STYLE = Automatic;
				DEVELOPMENT_TEAM = GRAL3CBVS6;
				INFOPLIST_FILE = GShopTests/Info.plist;
				IPHONEOS_DEPLOYMENT_TARGET = 13.4;
				LD_RUNPATH_SEARCH_PATHS = (
					"$(inherited)",
					"@executable_path/Frameworks",
					"@loader_path/Frameworks",
				);
				PRODUCT_BUNDLE_IDENTIFIER = com.morugins.GShopTests;
				PRODUCT_NAME = "$(TARGET_NAME)";
				SWIFT_VERSION = 5.0;
				TARGETED_DEVICE_FAMILY = "1,2";
				TEST_HOST = "$(BUILT_PRODUCTS_DIR)/GShop.app/GShop";
			};
			name = Debug;
		};
		34F3476825D53EED008955A9 /* Release */ = {
			isa = XCBuildConfiguration;
			baseConfigurationReference = A14ECAA8D72C202A5583285D /* Pods-GShopTests.release.xcconfig */;
			buildSettings = {
				ALWAYS_EMBED_SWIFT_STANDARD_LIBRARIES = YES;
				BUNDLE_LOADER = "$(TEST_HOST)";
				CODE_SIGN_STYLE = Automatic;
				DEVELOPMENT_TEAM = GRAL3CBVS6;
				INFOPLIST_FILE = GShopTests/Info.plist;
				IPHONEOS_DEPLOYMENT_TARGET = 13.4;
				LD_RUNPATH_SEARCH_PATHS = (
					"$(inherited)",
					"@executable_path/Frameworks",
					"@loader_path/Frameworks",
				);
				PRODUCT_BUNDLE_IDENTIFIER = com.morugins.GShopTests;
				PRODUCT_NAME = "$(TARGET_NAME)";
				SWIFT_VERSION = 5.0;
				TARGETED_DEVICE_FAMILY = "1,2";
				TEST_HOST = "$(BUILT_PRODUCTS_DIR)/GShop.app/GShop";
			};
			name = Release;
		};
		34F3476A25D53EED008955A9 /* Debug */ = {
			isa = XCBuildConfiguration;
			baseConfigurationReference = 38E120F4F5912DB150449FF6 /* Pods-GShop-GShopUITests.debug.xcconfig */;
			buildSettings = {
				ALWAYS_EMBED_SWIFT_STANDARD_LIBRARIES = YES;
				CODE_SIGN_STYLE = Automatic;
				DEVELOPMENT_TEAM = GRAL3CBVS6;
				INFOPLIST_FILE = GShopUITests/Info.plist;
				LD_RUNPATH_SEARCH_PATHS = (
					"$(inherited)",
					"@executable_path/Frameworks",
					"@loader_path/Frameworks",
				);
				PRODUCT_BUNDLE_IDENTIFIER = com.morugins.GShopUITests;
				PRODUCT_NAME = "$(TARGET_NAME)";
				SWIFT_VERSION = 5.0;
				TARGETED_DEVICE_FAMILY = "1,2";
				TEST_TARGET_NAME = GShop;
			};
			name = Debug;
		};
		34F3476B25D53EED008955A9 /* Release */ = {
			isa = XCBuildConfiguration;
			baseConfigurationReference = CBA1C10F48E76E78201B3BF7 /* Pods-GShop-GShopUITests.release.xcconfig */;
			buildSettings = {
				ALWAYS_EMBED_SWIFT_STANDARD_LIBRARIES = YES;
				CODE_SIGN_STYLE = Automatic;
				DEVELOPMENT_TEAM = GRAL3CBVS6;
				INFOPLIST_FILE = GShopUITests/Info.plist;
				LD_RUNPATH_SEARCH_PATHS = (
					"$(inherited)",
					"@executable_path/Frameworks",
					"@loader_path/Frameworks",
				);
				PRODUCT_BUNDLE_IDENTIFIER = com.morugins.GShopUITests;
				PRODUCT_NAME = "$(TARGET_NAME)";
				SWIFT_VERSION = 5.0;
				TARGETED_DEVICE_FAMILY = "1,2";
				TEST_TARGET_NAME = GShop;
			};
			name = Release;
		};
/* End XCBuildConfiguration section */

/* Begin XCConfigurationList section */
		34F3473425D53EE9008955A9 /* Build configuration list for PBXProject "GShop" */ = {
			isa = XCConfigurationList;
			buildConfigurations = (
				34F3476125D53EED008955A9 /* Debug */,
				34F3476225D53EED008955A9 /* Release */,
			);
			defaultConfigurationIsVisible = 0;
			defaultConfigurationName = Release;
		};
		34F3476325D53EED008955A9 /* Build configuration list for PBXNativeTarget "GShop" */ = {
			isa = XCConfigurationList;
			buildConfigurations = (
				34F3476425D53EED008955A9 /* Debug */,
				34F3476525D53EED008955A9 /* Release */,
			);
			defaultConfigurationIsVisible = 0;
			defaultConfigurationName = Release;
		};
		34F3476625D53EED008955A9 /* Build configuration list for PBXNativeTarget "GShopTests" */ = {
			isa = XCConfigurationList;
			buildConfigurations = (
				34F3476725D53EED008955A9 /* Debug */,
				34F3476825D53EED008955A9 /* Release */,
			);
			defaultConfigurationIsVisible = 0;
			defaultConfigurationName = Release;
		};
		34F3476925D53EED008955A9 /* Build configuration list for PBXNativeTarget "GShopUITests" */ = {
			isa = XCConfigurationList;
			buildConfigurations = (
				34F3476A25D53EED008955A9 /* Debug */,
				34F3476B25D53EED008955A9 /* Release */,
			);
			defaultConfigurationIsVisible = 0;
			defaultConfigurationName = Release;
		};
/* End XCConfigurationList section */

/* Begin XCRemoteSwiftPackageReference section */
		34A62FC925DAD8F70080A757 /* XCRemoteSwiftPackageReference "Alamofire" */ = {
			isa = XCRemoteSwiftPackageReference;
			repositoryURL = "https://github.com/Alamofire/Alamofire.git";
			requirement = {
				kind = upToNextMajorVersion;
				minimumVersion = 5.4.1;
			};
		};
/* End XCRemoteSwiftPackageReference section */

/* Begin XCSwiftPackageProductDependency section */
		34A62FCA25DAD8F70080A757 /* Alamofire */ = {
			isa = XCSwiftPackageProductDependency;
			package = 34A62FC925DAD8F70080A757 /* XCRemoteSwiftPackageReference "Alamofire" */;
			productName = Alamofire;
		};
/* End XCSwiftPackageProductDependency section */
	};
	rootObject = 34F3473125D53EE9008955A9 /* Project object */;
}
