// !$*UTF8*$!
{
	archiveVersion = 1;
	classes = {
	};
	objectVersion = 52;
	objects = {

/* Begin PBXBuildFile section */
		34A62FCB25DAD8F70080A757 /* Alamofire in Frameworks */ = {isa = PBXBuildFile; productRef = 34A62FCA25DAD8F70080A757 /* Alamofire */; };
		34A62FCE25DAD94E0080A757 /* AbstractErrorParser.swift in Sources */ = {isa = PBXBuildFile; fileRef = 34A62FCD25DAD94E0080A757 /* AbstractErrorParser.swift */; };
		34A62FD025DAD9920080A757 /* ErrorParser.swift in Sources */ = {isa = PBXBuildFile; fileRef = 34A62FCF25DAD9920080A757 /* ErrorParser.swift */; };
		34A62FD425DADAEC0080A757 /* RequestRouter.swift in Sources */ = {isa = PBXBuildFile; fileRef = 34A62FD325DADAEC0080A757 /* RequestRouter.swift */; };
		34A62FD625DADB380080A757 /* LoginResult.swift in Sources */ = {isa = PBXBuildFile; fileRef = 34A62FD525DADB380080A757 /* LoginResult.swift */; };
		34A62FD825DADB510080A757 /* User.swift in Sources */ = {isa = PBXBuildFile; fileRef = 34A62FD725DADB510080A757 /* User.swift */; };
		34A62FDB25DADB8F0080A757 /* AuthRequestFactory.swift in Sources */ = {isa = PBXBuildFile; fileRef = 34A62FDA25DADB8F0080A757 /* AuthRequestFactory.swift */; };
		34A62FDD25DADBDC0080A757 /* Auth.swift in Sources */ = {isa = PBXBuildFile; fileRef = 34A62FDC25DADBDC0080A757 /* Auth.swift */; };
		34A62FDF25DADC1F0080A757 /* RequestFactory.swift in Sources */ = {isa = PBXBuildFile; fileRef = 34A62FDE25DADC1F0080A757 /* RequestFactory.swift */; };
		34A62FE125DD0CDF0080A757 /* AbstractRequestFactory.swift in Sources */ = {isa = PBXBuildFile; fileRef = 34A62FE025DD0CDF0080A757 /* AbstractRequestFactory.swift */; };
		34A62FE325DD0D470080A757 /* ResponseCodable.swift in Sources */ = {isa = PBXBuildFile; fileRef = 34A62FE225DD0D470080A757 /* ResponseCodable.swift */; };
		34F3473D25D53EE9008955A9 /* AppDelegate.swift in Sources */ = {isa = PBXBuildFile; fileRef = 34F3473C25D53EE9008955A9 /* AppDelegate.swift */; };
		34F3473F25D53EE9008955A9 /* SceneDelegate.swift in Sources */ = {isa = PBXBuildFile; fileRef = 34F3473E25D53EE9008955A9 /* SceneDelegate.swift */; };
		34F3474625D53EED008955A9 /* Assets.xcassets in Resources */ = {isa = PBXBuildFile; fileRef = 34F3474525D53EED008955A9 /* Assets.xcassets */; };
		34F3474925D53EED008955A9 /* LaunchScreen.storyboard in Resources */ = {isa = PBXBuildFile; fileRef = 34F3474725D53EED008955A9 /* LaunchScreen.storyboard */; };
		34F3475425D53EED008955A9 /* GShopTests.swift in Sources */ = {isa = PBXBuildFile; fileRef = 34F3475325D53EED008955A9 /* GShopTests.swift */; };
		34F3475F25D53EED008955A9 /* GShopUITests.swift in Sources */ = {isa = PBXBuildFile; fileRef = 34F3475E25D53EED008955A9 /* GShopUITests.swift */; };
/* End PBXBuildFile section */

/* Begin PBXContainerItemProxy section */
		34F3475025D53EED008955A9 /* PBXContainerItemProxy */ = {
			isa = PBXContainerItemProxy;
			containerPortal = 34F3473125D53EE9008955A9 /* Project object */;
			proxyType = 1;
			remoteGlobalIDString = 34F3473825D53EE9008955A9;
			remoteInfo = GShop;
		};
		34F3475B25D53EED008955A9 /* PBXContainerItemProxy */ = {
			isa = PBXContainerItemProxy;
			containerPortal = 34F3473125D53EE9008955A9 /* Project object */;
			proxyType = 1;
			remoteGlobalIDString = 34F3473825D53EE9008955A9;
			remoteInfo = GShop;
		};
/* End PBXContainerItemProxy section */

/* Begin PBXFileReference section */
		34A62FCD25DAD94E0080A757 /* AbstractErrorParser.swift */ = {isa = PBXFileReference; lastKnownFileType = sourcecode.swift; path = AbstractErrorParser.swift; sourceTree = "<group>"; };
		34A62FCF25DAD9920080A757 /* ErrorParser.swift */ = {isa = PBXFileReference; lastKnownFileType = sourcecode.swift; path = ErrorParser.swift; sourceTree = "<group>"; };
		34A62FD325DADAEC0080A757 /* RequestRouter.swift */ = {isa = PBXFileReference; lastKnownFileType = sourcecode.swift; path = RequestRouter.swift; sourceTree = "<group>"; };
		34A62FD525DADB380080A757 /* LoginResult.swift */ = {isa = PBXFileReference; lastKnownFileType = sourcecode.swift; path = LoginResult.swift; sourceTree = "<group>"; };
		34A62FD725DADB510080A757 /* User.swift */ = {isa = PBXFileReference; lastKnownFileType = sourcecode.swift; path = User.swift; sourceTree = "<group>"; };
		34A62FDA25DADB8F0080A757 /* AuthRequestFactory.swift */ = {isa = PBXFileReference; lastKnownFileType = sourcecode.swift; path = AuthRequestFactory.swift; sourceTree = "<group>"; };
		34A62FDC25DADBDC0080A757 /* Auth.swift */ = {isa = PBXFileReference; lastKnownFileType = sourcecode.swift; path = Auth.swift; sourceTree = "<group>"; };
		34A62FDE25DADC1F0080A757 /* RequestFactory.swift */ = {isa = PBXFileReference; lastKnownFileType = sourcecode.swift; path = RequestFactory.swift; sourceTree = "<group>"; };
		34A62FE025DD0CDF0080A757 /* AbstractRequestFactory.swift */ = {isa = PBXFileReference; lastKnownFileType = sourcecode.swift; path = AbstractRequestFactory.swift; sourceTree = "<group>"; };
		34A62FE225DD0D470080A757 /* ResponseCodable.swift */ = {isa = PBXFileReference; lastKnownFileType = sourcecode.swift; path = ResponseCodable.swift; sourceTree = "<group>"; };
		34F3473925D53EE9008955A9 /* GShop.app */ = {isa = PBXFileReference; explicitFileType = wrapper.application; includeInIndex = 0; path = GShop.app; sourceTree = BUILT_PRODUCTS_DIR; };
		34F3473C25D53EE9008955A9 /* AppDelegate.swift */ = {isa = PBXFileReference; lastKnownFileType = sourcecode.swift; path = AppDelegate.swift; sourceTree = "<group>"; };
		34F3473E25D53EE9008955A9 /* SceneDelegate.swift */ = {isa = PBXFileReference; lastKnownFileType = sourcecode.swift; path = SceneDelegate.swift; sourceTree = "<group>"; };
		34F3474525D53EED008955A9 /* Assets.xcassets */ = {isa = PBXFileReference; lastKnownFileType = folder.assetcatalog; path = Assets.xcassets; sourceTree = "<group>"; };
		34F3474825D53EED008955A9 /* Base */ = {isa = PBXFileReference; lastKnownFileType = file.storyboard; name = Base; path = Base.lproj/LaunchScreen.storyboard; sourceTree = "<group>"; };
		34F3474A25D53EED008955A9 /* Info.plist */ = {isa = PBXFileReference; lastKnownFileType = text.plist.xml; path = Info.plist; sourceTree = "<group>"; };
		34F3474F25D53EED008955A9 /* GShopTests.xctest */ = {isa = PBXFileReference; explicitFileType = wrapper.cfbundle; includeInIndex = 0; path = GShopTests.xctest; sourceTree = BUILT_PRODUCTS_DIR; };
		34F3475325D53EED008955A9 /* GShopTests.swift */ = {isa = PBXFileReference; lastKnownFileType = sourcecode.swift; path = GShopTests.swift; sourceTree = "<group>"; };
		34F3475525D53EED008955A9 /* Info.plist */ = {isa = PBXFileReference; lastKnownFileType = text.plist.xml; path = Info.plist; sourceTree = "<group>"; };
		34F3475A25D53EED008955A9 /* GShopUITests.xctest */ = {isa = PBXFileReference; explicitFileType = wrapper.cfbundle; includeInIndex = 0; path = GShopUITests.xctest; sourceTree = BUILT_PRODUCTS_DIR; };
		34F3475E25D53EED008955A9 /* GShopUITests.swift */ = {isa = PBXFileReference; lastKnownFileType = sourcecode.swift; path = GShopUITests.swift; sourceTree = "<group>"; };
		34F3476025D53EED008955A9 /* Info.plist */ = {isa = PBXFileReference; lastKnownFileType = text.plist.xml; path = Info.plist; sourceTree = "<group>"; };
/* End PBXFileReference section */

/* Begin PBXFrameworksBuildPhase section */
		34F3473625D53EE9008955A9 /* Frameworks */ = {
			isa = PBXFrameworksBuildPhase;
			buildActionMask = 2147483647;
			files = (
				34A62FCB25DAD8F70080A757 /* Alamofire in Frameworks */,
			);
			runOnlyForDeploymentPostprocessing = 0;
		};
		34F3474C25D53EED008955A9 /* Frameworks */ = {
			isa = PBXFrameworksBuildPhase;
			buildActionMask = 2147483647;
			files = (
			);
			runOnlyForDeploymentPostprocessing = 0;
		};
		34F3475725D53EED008955A9 /* Frameworks */ = {
			isa = PBXFrameworksBuildPhase;
			buildActionMask = 2147483647;
			files = (
			);
			runOnlyForDeploymentPostprocessing = 0;
		};
/* End PBXFrameworksBuildPhase section */

/* Begin PBXGroup section */
		34A62FCC25DAD9280080A757 /* Network */ = {
			isa = PBXGroup;
			children = (
				34A62FCD25DAD94E0080A757 /* AbstractErrorParser.swift */,
				34A62FCF25DAD9920080A757 /* ErrorParser.swift */,
				34A62FE225DD0D470080A757 /* ResponseCodable.swift */,
				34A62FE025DD0CDF0080A757 /* AbstractRequestFactory.swift */,
				34A62FD325DADAEC0080A757 /* RequestRouter.swift */,
			);
			path = Network;
			sourceTree = "<group>";
		};
		34A62FD925DADB6D0080A757 /* Network */ = {
			isa = PBXGroup;
			children = (
				34A62FE425DD19FA0080A757 /* Auth */,
				34A62FDE25DADC1F0080A757 /* RequestFactory.swift */,
			);
			path = Network;
			sourceTree = "<group>";
		};
		34A62FE425DD19FA0080A757 /* Auth */ = {
			isa = PBXGroup;
			children = (
				34A62FDA25DADB8F0080A757 /* AuthRequestFactory.swift */,
				34A62FDC25DADBDC0080A757 /* Auth.swift */,
			);
			path = Auth;
			sourceTree = "<group>";
		};
		34F3473025D53EE9008955A9 = {
			isa = PBXGroup;
			children = (
				34F3473B25D53EE9008955A9 /* GShop */,
				34F3475225D53EED008955A9 /* GShopTests */,
				34F3475D25D53EED008955A9 /* GShopUITests */,
				34F3473A25D53EE9008955A9 /* Products */,
			);
			sourceTree = "<group>";
		};
		34F3473A25D53EE9008955A9 /* Products */ = {
			isa = PBXGroup;
			children = (
				34F3473925D53EE9008955A9 /* GShop.app */,
				34F3474F25D53EED008955A9 /* GShopTests.xctest */,
				34F3475A25D53EED008955A9 /* GShopUITests.xctest */,
			);
			name = Products;
			sourceTree = "<group>";
		};
		34F3473B25D53EE9008955A9 /* GShop */ = {
			isa = PBXGroup;
			children = (
				34F3477725D54561008955A9 /* App */,
				34F3477A25D545BF008955A9 /* Core */,
				34F3477925D5458E008955A9 /* Resources */,
				34F3477825D54571008955A9 /* Environments */,
			);
			path = GShop;
			sourceTree = "<group>";
		};
		34F3475225D53EED008955A9 /* GShopTests */ = {
			isa = PBXGroup;
			children = (
				34F3475325D53EED008955A9 /* GShopTests.swift */,
				34F3475525D53EED008955A9 /* Info.plist */,
			);
			path = GShopTests;
			sourceTree = "<group>";
		};
		34F3475D25D53EED008955A9 /* GShopUITests */ = {
			isa = PBXGroup;
			children = (
				34F3475E25D53EED008955A9 /* GShopUITests.swift */,
				34F3476025D53EED008955A9 /* Info.plist */,
			);
			path = GShopUITests;
			sourceTree = "<group>";
		};
		34F3477325D54519008955A9 /* Flows */ = {
			isa = PBXGroup;
			children = (
			);
			path = Flows;
			sourceTree = "<group>";
		};
		34F3477425D54528008955A9 /* BusinessLogic */ = {
			isa = PBXGroup;
			children = (
				34A62FD925DADB6D0080A757 /* Network */,
			);
			path = BusinessLogic;
			sourceTree = "<group>";
		};
		34F3477525D5453F008955A9 /* Assembly */ = {
			isa = PBXGroup;
			children = (
			);
			path = Assembly;
			sourceTree = "<group>";
		};
		34F3477625D54553008955A9 /* Entity */ = {
			isa = PBXGroup;
			children = (
				34A62FD525DADB380080A757 /* LoginResult.swift */,
				34A62FD725DADB510080A757 /* User.swift */,
			);
			path = Entity;
			sourceTree = "<group>";
		};
		34F3477725D54561008955A9 /* App */ = {
			isa = PBXGroup;
			children = (
				34F3473C25D53EE9008955A9 /* AppDelegate.swift */,
				34F3473E25D53EE9008955A9 /* SceneDelegate.swift */,
				34F3477625D54553008955A9 /* Entity */,
				34F3477525D5453F008955A9 /* Assembly */,
				34F3477425D54528008955A9 /* BusinessLogic */,
				34F3477325D54519008955A9 /* Flows */,
			);
			path = App;
			sourceTree = "<group>";
		};
		34F3477825D54571008955A9 /* Environments */ = {
			isa = PBXGroup;
			children = (
				34F3474A25D53EED008955A9 /* Info.plist */,
			);
			path = Environments;
			sourceTree = "<group>";
		};
		34F3477925D5458E008955A9 /* Resources */ = {
			isa = PBXGroup;
			children = (
				34F3474725D53EED008955A9 /* LaunchScreen.storyboard */,
				34F3474525D53EED008955A9 /* Assets.xcassets */,
			);
			path = Resources;
			sourceTree = "<group>";
		};
		34F3477A25D545BF008955A9 /* Core */ = {
			isa = PBXGroup;
			children = (
				34A62FCC25DAD9280080A757 /* Network */,
			);
			path = Core;
			sourceTree = "<group>";
		};
/* End PBXGroup section */

/* Begin PBXNativeTarget section */
		34F3473825D53EE9008955A9 /* GShop */ = {
			isa = PBXNativeTarget;
			buildConfigurationList = 34F3476325D53EED008955A9 /* Build configuration list for PBXNativeTarget "GShop" */;
			buildPhases = (
				34F3473525D53EE9008955A9 /* Sources */,
				34F3473625D53EE9008955A9 /* Frameworks */,
				34F3473725D53EE9008955A9 /* Resources */,
			);
			buildRules = (
			);
			dependencies = (
			);
			name = GShop;
			packageProductDependencies = (
				34A62FCA25DAD8F70080A757 /* Alamofire */,
			);
			productName = GShop;
			productReference = 34F3473925D53EE9008955A9 /* GShop.app */;
			productType = "com.apple.product-type.application";
		};
		34F3474E25D53EED008955A9 /* GShopTests */ = {
			isa = PBXNativeTarget;
			buildConfigurationList = 34F3476625D53EED008955A9 /* Build configuration list for PBXNativeTarget "GShopTests" */;
			buildPhases = (
				34F3474B25D53EED008955A9 /* Sources */,
				34F3474C25D53EED008955A9 /* Frameworks */,
				34F3474D25D53EED008955A9 /* Resources */,
			);
			buildRules = (
			);
			dependencies = (
				34F3475125D53EED008955A9 /* PBXTargetDependency */,
			);
			name = GShopTests;
			productName = GShopTests;
			productReference = 34F3474F25D53EED008955A9 /* GShopTests.xctest */;
			productType = "com.apple.product-type.bundle.unit-test";
		};
		34F3475925D53EED008955A9 /* GShopUITests */ = {
			isa = PBXNativeTarget;
			buildConfigurationList = 34F3476925D53EED008955A9 /* Build configuration list for PBXNativeTarget "GShopUITests" */;
			buildPhases = (
				34F3475625D53EED008955A9 /* Sources */,
				34F3475725D53EED008955A9 /* Frameworks */,
				34F3475825D53EED008955A9 /* Resources */,
			);
			buildRules = (
			);
			dependencies = (
				34F3475C25D53EED008955A9 /* PBXTargetDependency */,
			);
			name = GShopUITests;
			productName = GShopUITests;
			productReference = 34F3475A25D53EED008955A9 /* GShopUITests.xctest */;
			productType = "com.apple.product-type.bundle.ui-testing";
		};
/* End PBXNativeTarget section */

/* Begin PBXProject section */
		34F3473125D53EE9008955A9 /* Project object */ = {
			isa = PBXProject;
			attributes = {
				LastSwiftUpdateCheck = 1140;
				LastUpgradeCheck = 1140;
				ORGANIZATIONNAME = "Ostagram Inc.";
				TargetAttributes = {
					34F3473825D53EE9008955A9 = {
						CreatedOnToolsVersion = 11.4.1;
					};
					34F3474E25D53EED008955A9 = {
						CreatedOnToolsVersion = 11.4.1;
						TestTargetID = 34F3473825D53EE9008955A9;
					};
					34F3475925D53EED008955A9 = {
						CreatedOnToolsVersion = 11.4.1;
						TestTargetID = 34F3473825D53EE9008955A9;
					};
				};
			};
			buildConfigurationList = 34F3473425D53EE9008955A9 /* Build configuration list for PBXProject "GShop" */;
			compatibilityVersion = "Xcode 9.3";
			developmentRegion = en;
			hasScannedForEncodings = 0;
			knownRegions = (
				en,
				Base,
			);
			mainGroup = 34F3473025D53EE9008955A9;
			packageReferences = (
				34A62FC925DAD8F70080A757 /* XCRemoteSwiftPackageReference "Alamofire" */,
			);
			productRefGroup = 34F3473A25D53EE9008955A9 /* Products */;
			projectDirPath = "";
			projectRoot = "";
			targets = (
				34F3473825D53EE9008955A9 /* GShop */,
				34F3474E25D53EED008955A9 /* GShopTests */,
				34F3475925D53EED008955A9 /* GShopUITests */,
			);
		};
/* End PBXProject section */

/* Begin PBXResourcesBuildPhase section */
		34F3473725D53EE9008955A9 /* Resources */ = {
			isa = PBXResourcesBuildPhase;
			buildActionMask = 2147483647;
			files = (
				34F3474925D53EED008955A9 /* LaunchScreen.storyboard in Resources */,
				34F3474625D53EED008955A9 /* Assets.xcassets in Resources */,
			);
			runOnlyForDeploymentPostprocessing = 0;
		};
		34F3474D25D53EED008955A9 /* Resources */ = {
			isa = PBXResourcesBuildPhase;
			buildActionMask = 2147483647;
			files = (
			);
			runOnlyForDeploymentPostprocessing = 0;
		};
		34F3475825D53EED008955A9 /* Resources */ = {
			isa = PBXResourcesBuildPhase;
			buildActionMask = 2147483647;
			files = (
			);
			runOnlyForDeploymentPostprocessing = 0;
		};
/* End PBXResourcesBuildPhase section */

/* Begin PBXSourcesBuildPhase section */
		34F3473525D53EE9008955A9 /* Sources */ = {
			isa = PBXSourcesBuildPhase;
			buildActionMask = 2147483647;
			files = (
				34A62FDF25DADC1F0080A757 /* RequestFactory.swift in Sources */,
				34A62FCE25DAD94E0080A757 /* AbstractErrorParser.swift in Sources */,
				34A62FE325DD0D470080A757 /* ResponseCodable.swift in Sources */,
				34A62FD625DADB380080A757 /* LoginResult.swift in Sources */,
				34F3473D25D53EE9008955A9 /* AppDelegate.swift in Sources */,
				34A62FE125DD0CDF0080A757 /* AbstractRequestFactory.swift in Sources */,
				34A62FD425DADAEC0080A757 /* RequestRouter.swift in Sources */,
				34A62FD825DADB510080A757 /* User.swift in Sources */,
				34A62FDD25DADBDC0080A757 /* Auth.swift in Sources */,
				34A62FDB25DADB8F0080A757 /* AuthRequestFactory.swift in Sources */,
				34F3473F25D53EE9008955A9 /* SceneDelegate.swift in Sources */,
				34A62FD025DAD9920080A757 /* ErrorParser.swift in Sources */,
			);
			runOnlyForDeploymentPostprocessing = 0;
		};
		34F3474B25D53EED008955A9 /* Sources */ = {
			isa = PBXSourcesBuildPhase;
			buildActionMask = 2147483647;
			files = (
				34F3475425D53EED008955A9 /* GShopTests.swift in Sources */,
			);
			runOnlyForDeploymentPostprocessing = 0;
		};
		34F3475625D53EED008955A9 /* Sources */ = {
			isa = PBXSourcesBuildPhase;
			buildActionMask = 2147483647;
			files = (
				34F3475F25D53EED008955A9 /* GShopUITests.swift in Sources */,
			);
			runOnlyForDeploymentPostprocessing = 0;
		};
/* End PBXSourcesBuildPhase section */

/* Begin PBXTargetDependency section */
		34F3475125D53EED008955A9 /* PBXTargetDependency */ = {
			isa = PBXTargetDependency;
			target = 34F3473825D53EE9008955A9 /* GShop */;
			targetProxy = 34F3475025D53EED008955A9 /* PBXContainerItemProxy */;
		};
		34F3475C25D53EED008955A9 /* PBXTargetDependency */ = {
			isa = PBXTargetDependency;
			target = 34F3473825D53EE9008955A9 /* GShop */;
			targetProxy = 34F3475B25D53EED008955A9 /* PBXContainerItemProxy */;
		};
/* End PBXTargetDependency section */

/* Begin PBXVariantGroup section */
		34F3474725D53EED008955A9 /* LaunchScreen.storyboard */ = {
			isa = PBXVariantGroup;
			children = (
				34F3474825D53EED008955A9 /* Base */,
			);
			name = LaunchScreen.storyboard;
			sourceTree = "<group>";
		};
/* End PBXVariantGroup section */

/* Begin XCBuildConfiguration section */
		34F3476125D53EED008955A9 /* Debug */ = {
			isa = XCBuildConfiguration;
			buildSettings = {
				ALWAYS_SEARCH_USER_PATHS = NO;
				CLANG_ANALYZER_NONNULL = YES;
				CLANG_ANALYZER_NUMBER_OBJECT_CONVERSION = YES_AGGRESSIVE;
				CLANG_CXX_LANGUAGE_STANDARD = "gnu++14";
				CLANG_CXX_LIBRARY = "libc++";
				CLANG_ENABLE_MODULES = YES;
				CLANG_ENABLE_OBJC_ARC = YES;
				CLANG_ENABLE_OBJC_WEAK = YES;
				CLANG_WARN_BLOCK_CAPTURE_AUTORELEASING = YES;
				CLANG_WARN_BOOL_CONVERSION = YES;
				CLANG_WARN_COMMA = YES;
				CLANG_WARN_CONSTANT_CONVERSION = YES;
				CLANG_WARN_DEPRECATED_OBJC_IMPLEMENTATIONS = YES;
				CLANG_WARN_DIRECT_OBJC_ISA_USAGE = YES_ERROR;
				CLANG_WARN_DOCUMENTATION_COMMENTS = YES;
				CLANG_WARN_EMPTY_BODY = YES;
				CLANG_WARN_ENUM_CONVERSION = YES;
				CLANG_WARN_INFINITE_RECURSION = YES;
				CLANG_WARN_INT_CONVERSION = YES;
				CLANG_WARN_NON_LITERAL_NULL_CONVERSION = YES;
				CLANG_WARN_OBJC_IMPLICIT_RETAIN_SELF = YES;
				CLANG_WARN_OBJC_LITERAL_CONVERSION = YES;
				CLANG_WARN_OBJC_ROOT_CLASS = YES_ERROR;
				CLANG_WARN_RANGE_LOOP_ANALYSIS = YES;
				CLANG_WARN_STRICT_PROTOTYPES = YES;
				CLANG_WARN_SUSPICIOUS_MOVE = YES;
				CLANG_WARN_UNGUARDED_AVAILABILITY = YES_AGGRESSIVE;
				CLANG_WARN_UNREACHABLE_CODE = YES;
				CLANG_WARN__DUPLICATE_METHOD_MATCH = YES;
				COPY_PHASE_STRIP = NO;
				DEBUG_INFORMATION_FORMAT = dwarf;
				ENABLE_STRICT_OBJC_MSGSEND = YES;
				ENABLE_TESTABILITY = YES;
				GCC_C_LANGUAGE_STANDARD = gnu11;
				GCC_DYNAMIC_NO_PIC = NO;
				GCC_NO_COMMON_BLOCKS = YES;
				GCC_OPTIMIZATION_LEVEL = 0;
				GCC_PREPROCESSOR_DEFINITIONS = (
					"DEBUG=1",
					"$(inherited)",
				);
				GCC_WARN_64_TO_32_BIT_CONVERSION = YES;
				GCC_WARN_ABOUT_RETURN_TYPE = YES_ERROR;
				GCC_WARN_UNDECLARED_SELECTOR = YES;
				GCC_WARN_UNINITIALIZED_AUTOS = YES_AGGRESSIVE;
				GCC_WARN_UNUSED_FUNCTION = YES;
				GCC_WARN_UNUSED_VARIABLE = YES;
				IPHONEOS_DEPLOYMENT_TARGET = 13.4;
				MTL_ENABLE_DEBUG_INFO = INCLUDE_SOURCE;
				MTL_FAST_MATH = YES;
				ONLY_ACTIVE_ARCH = YES;
				SDKROOT = iphoneos;
				SWIFT_ACTIVE_COMPILATION_CONDITIONS = DEBUG;
				SWIFT_OPTIMIZATION_LEVEL = "-Onone";
			};
			name = Debug;
		};
		34F3476225D53EED008955A9 /* Release */ = {
			isa = XCBuildConfiguration;
			buildSettings = {
				ALWAYS_SEARCH_USER_PATHS = NO;
				CLANG_ANALYZER_NONNULL = YES;
				CLANG_ANALYZER_NUMBER_OBJECT_CONVERSION = YES_AGGRESSIVE;
				CLANG_CXX_LANGUAGE_STANDARD = "gnu++14";
				CLANG_CXX_LIBRARY = "libc++";
				CLANG_ENABLE_MODULES = YES;
				CLANG_ENABLE_OBJC_ARC = YES;
				CLANG_ENABLE_OBJC_WEAK = YES;
				CLANG_WARN_BLOCK_CAPTURE_AUTORELEASING = YES;
				CLANG_WARN_BOOL_CONVERSION = YES;
				CLANG_WARN_COMMA = YES;
				CLANG_WARN_CONSTANT_CONVERSION = YES;
				CLANG_WARN_DEPRECATED_OBJC_IMPLEMENTATIONS = YES;
				CLANG_WARN_DIRECT_OBJC_ISA_USAGE = YES_ERROR;
				CLANG_WARN_DOCUMENTATION_COMMENTS = YES;
				CLANG_WARN_EMPTY_BODY = YES;
				CLANG_WARN_ENUM_CONVERSION = YES;
				CLANG_WARN_INFINITE_RECURSION = YES;
				CLANG_WARN_INT_CONVERSION = YES;
				CLANG_WARN_NON_LITERAL_NULL_CONVERSION = YES;
				CLANG_WARN_OBJC_IMPLICIT_RETAIN_SELF = YES;
				CLANG_WARN_OBJC_LITERAL_CONVERSION = YES;
				CLANG_WARN_OBJC_ROOT_CLASS = YES_ERROR;
				CLANG_WARN_RANGE_LOOP_ANALYSIS = YES;
				CLANG_WARN_STRICT_PROTOTYPES = YES;
				CLANG_WARN_SUSPICIOUS_MOVE = YES;
				CLANG_WARN_UNGUARDED_AVAILABILITY = YES_AGGRESSIVE;
				CLANG_WARN_UNREACHABLE_CODE = YES;
				CLANG_WARN__DUPLICATE_METHOD_MATCH = YES;
				COPY_PHASE_STRIP = NO;
				DEBUG_INFORMATION_FORMAT = "dwarf-with-dsym";
				ENABLE_NS_ASSERTIONS = NO;
				ENABLE_STRICT_OBJC_MSGSEND = YES;
				GCC_C_LANGUAGE_STANDARD = gnu11;
				GCC_NO_COMMON_BLOCKS = YES;
				GCC_WARN_64_TO_32_BIT_CONVERSION = YES;
				GCC_WARN_ABOUT_RETURN_TYPE = YES_ERROR;
				GCC_WARN_UNDECLARED_SELECTOR = YES;
				GCC_WARN_UNINITIALIZED_AUTOS = YES_AGGRESSIVE;
				GCC_WARN_UNUSED_FUNCTION = YES;
				GCC_WARN_UNUSED_VARIABLE = YES;
				IPHONEOS_DEPLOYMENT_TARGET = 13.4;
				MTL_ENABLE_DEBUG_INFO = NO;
				MTL_FAST_MATH = YES;
				SDKROOT = iphoneos;
				SWIFT_COMPILATION_MODE = wholemodule;
				SWIFT_OPTIMIZATION_LEVEL = "-O";
				VALIDATE_PRODUCT = YES;
			};
			name = Release;
		};
		34F3476425D53EED008955A9 /* Debug */ = {
			isa = XCBuildConfiguration;
			buildSettings = {
				ASSETCATALOG_COMPILER_APPICON_NAME = AppIcon;
				CODE_SIGN_STYLE = Automatic;
				DEVELOPMENT_TEAM = GRAL3CBVS6;
				INFOPLIST_FILE = GShop/Environments/Info.plist;
				LD_RUNPATH_SEARCH_PATHS = (
					"$(inherited)",
					"@executable_path/Frameworks",
				);
				PRODUCT_BUNDLE_IDENTIFIER = com.morugins.GShop;
				PRODUCT_NAME = "$(TARGET_NAME)";
				SWIFT_VERSION = 5.0;
				TARGETED_DEVICE_FAMILY = "1,2";
			};
			name = Debug;
		};
		34F3476525D53EED008955A9 /* Release */ = {
			isa = XCBuildConfiguration;
			buildSettings = {
				ASSETCATALOG_COMPILER_APPICON_NAME = AppIcon;
				CODE_SIGN_STYLE = Automatic;
				DEVELOPMENT_TEAM = GRAL3CBVS6;
				INFOPLIST_FILE = GShop/Environments/Info.plist;
				LD_RUNPATH_SEARCH_PATHS = (
					"$(inherited)",
					"@executable_path/Frameworks",
				);
				PRODUCT_BUNDLE_IDENTIFIER = com.morugins.GShop;
				PRODUCT_NAME = "$(TARGET_NAME)";
				SWIFT_VERSION = 5.0;
				TARGETED_DEVICE_FAMILY = "1,2";
			};
			name = Release;
		};
		34F3476725D53EED008955A9 /* Debug */ = {
			isa = XCBuildConfiguration;
			buildSettings = {
				ALWAYS_EMBED_SWIFT_STANDARD_LIBRARIES = YES;
				BUNDLE_LOADER = "$(TEST_HOST)";
				CODE_SIGN_STYLE = Automatic;
				DEVELOPMENT_TEAM = GRAL3CBVS6;
				INFOPLIST_FILE = GShopTests/Info.plist;
				IPHONEOS_DEPLOYMENT_TARGET = 13.4;
				LD_RUNPATH_SEARCH_PATHS = (
					"$(inherited)",
					"@executable_path/Frameworks",
					"@loader_path/Frameworks",
				);
				PRODUCT_BUNDLE_IDENTIFIER = com.morugins.GShopTests;
				PRODUCT_NAME = "$(TARGET_NAME)";
				SWIFT_VERSION = 5.0;
				TARGETED_DEVICE_FAMILY = "1,2";
				TEST_HOST = "$(BUILT_PRODUCTS_DIR)/GShop.app/GShop";
			};
			name = Debug;
		};
		34F3476825D53EED008955A9 /* Release */ = {
			isa = XCBuildConfiguration;
			buildSettings = {
				ALWAYS_EMBED_SWIFT_STANDARD_LIBRARIES = YES;
				BUNDLE_LOADER = "$(TEST_HOST)";
				CODE_SIGN_STYLE = Automatic;
				DEVELOPMENT_TEAM = GRAL3CBVS6;
				INFOPLIST_FILE = GShopTests/Info.plist;
				IPHONEOS_DEPLOYMENT_TARGET = 13.4;
				LD_RUNPATH_SEARCH_PATHS = (
					"$(inherited)",
					"@executable_path/Frameworks",
					"@loader_path/Frameworks",
				);
				PRODUCT_BUNDLE_IDENTIFIER = com.morugins.GShopTests;
				PRODUCT_NAME = "$(TARGET_NAME)";
				SWIFT_VERSION = 5.0;
				TARGETED_DEVICE_FAMILY = "1,2";
				TEST_HOST = "$(BUILT_PRODUCTS_DIR)/GShop.app/GShop";
			};
			name = Release;
		};
		34F3476A25D53EED008955A9 /* Debug */ = {
			isa = XCBuildConfiguration;
			buildSettings = {
				ALWAYS_EMBED_SWIFT_STANDARD_LIBRARIES = YES;
				CODE_SIGN_STYLE = Automatic;
				DEVELOPMENT_TEAM = GRAL3CBVS6;
				INFOPLIST_FILE = GShopUITests/Info.plist;
				LD_RUNPATH_SEARCH_PATHS = (
					"$(inherited)",
					"@executable_path/Frameworks",
					"@loader_path/Frameworks",
				);
				PRODUCT_BUNDLE_IDENTIFIER = com.morugins.GShopUITests;
				PRODUCT_NAME = "$(TARGET_NAME)";
				SWIFT_VERSION = 5.0;
				TARGETED_DEVICE_FAMILY = "1,2";
				TEST_TARGET_NAME = GShop;
			};
			name = Debug;
		};
		34F3476B25D53EED008955A9 /* Release */ = {
			isa = XCBuildConfiguration;
			buildSettings = {
				ALWAYS_EMBED_SWIFT_STANDARD_LIBRARIES = YES;
				CODE_SIGN_STYLE = Automatic;
				DEVELOPMENT_TEAM = GRAL3CBVS6;
				INFOPLIST_FILE = GShopUITests/Info.plist;
				LD_RUNPATH_SEARCH_PATHS = (
					"$(inherited)",
					"@executable_path/Frameworks",
					"@loader_path/Frameworks",
				);
				PRODUCT_BUNDLE_IDENTIFIER = com.morugins.GShopUITests;
				PRODUCT_NAME = "$(TARGET_NAME)";
				SWIFT_VERSION = 5.0;
				TARGETED_DEVICE_FAMILY = "1,2";
				TEST_TARGET_NAME = GShop;
			};
			name = Release;
		};
/* End XCBuildConfiguration section */

/* Begin XCConfigurationList section */
		34F3473425D53EE9008955A9 /* Build configuration list for PBXProject "GShop" */ = {
			isa = XCConfigurationList;
			buildConfigurations = (
				34F3476125D53EED008955A9 /* Debug */,
				34F3476225D53EED008955A9 /* Release */,
			);
			defaultConfigurationIsVisible = 0;
			defaultConfigurationName = Release;
		};
		34F3476325D53EED008955A9 /* Build configuration list for PBXNativeTarget "GShop" */ = {
			isa = XCConfigurationList;
			buildConfigurations = (
				34F3476425D53EED008955A9 /* Debug */,
				34F3476525D53EED008955A9 /* Release */,
			);
			defaultConfigurationIsVisible = 0;
			defaultConfigurationName = Release;
		};
		34F3476625D53EED008955A9 /* Build configuration list for PBXNativeTarget "GShopTests" */ = {
			isa = XCConfigurationList;
			buildConfigurations = (
				34F3476725D53EED008955A9 /* Debug */,
				34F3476825D53EED008955A9 /* Release */,
			);
			defaultConfigurationIsVisible = 0;
			defaultConfigurationName = Release;
		};
		34F3476925D53EED008955A9 /* Build configuration list for PBXNativeTarget "GShopUITests" */ = {
			isa = XCConfigurationList;
			buildConfigurations = (
				34F3476A25D53EED008955A9 /* Debug */,
				34F3476B25D53EED008955A9 /* Release */,
			);
			defaultConfigurationIsVisible = 0;
			defaultConfigurationName = Release;
		};
/* End XCConfigurationList section */

/* Begin XCRemoteSwiftPackageReference section */
		34A62FC925DAD8F70080A757 /* XCRemoteSwiftPackageReference "Alamofire" */ = {
			isa = XCRemoteSwiftPackageReference;
			repositoryURL = "https://github.com/Alamofire/Alamofire.git";
			requirement = {
				kind = upToNextMajorVersion;
				minimumVersion = 5.4.1;
			};
		};
/* End XCRemoteSwiftPackageReference section */

/* Begin XCSwiftPackageProductDependency section */
		34A62FCA25DAD8F70080A757 /* Alamofire */ = {
			isa = XCSwiftPackageProductDependency;
			package = 34A62FC925DAD8F70080A757 /* XCRemoteSwiftPackageReference "Alamofire" */;
			productName = Alamofire;
		};
/* End XCSwiftPackageProductDependency section */
	};
	rootObject = 34F3473125D53EE9008955A9 /* Project object */;
}
